
Microsoft Visual Studio Solution File, Format Version 10.00
# Visual C++ Express 2008
Project("{8BC9CEB8-8B4A-11D0-8D11-00A0C91BC942}") = "libfcache", "libfcache\libfcache.vcproj", "{D46D1213-A541-465A-B75B-B5BE4DF98CDB}"
	ProjectSection(ProjectDependencies) = postProject
		{4C79D798-FB54-4CD5-9067-9BDC8678478A} = {4C79D798-FB54-4CD5-9067-9BDC8678478A}
		{1EF7B932-7B1D-49DA-8D58-E9CF0101C1F7} = {1EF7B932-7B1D-49DA-8D58-E9CF0101C1F7}
		{F42C141B-BECB-4F9C-828B-8BA0DB2BF7E5} = {F42C141B-BECB-4F9C-828B-8BA0DB2BF7E5}
	EndProjectSection
EndProject
Project("{8BC9CEB8-8B4A-11D0-8D11-00A0C91BC942}") = "libfguid", "libfguid\libfguid.vcproj", "{AD1E9BC6-39CA-4913-8C16-15AD16F1BA78}"
	ProjectSection(ProjectDependencies) = postProject
		{4C79D798-FB54-4CD5-9067-9BDC8678478A} = {4C79D798-FB54-4CD5-9067-9BDC8678478A}
	EndProjectSection
EndProject
Project("{8BC9CEB8-8B4A-11D0-8D11-00A0C91BC942}") = "fsntfs_test_attribute", "fsntfs_test_attribute\fsntfs_test_attribute.vcproj", "{14362056-DE51-456D-A0BA-1D4C346D8DF5}"
	ProjectSection(ProjectDependencies) = postProject
		{D1CA56F0-00C0-4E8C-BD6F-8A15619A954D} = {D1CA56F0-00C0-4E8C-BD6F-8A15619A954D}
		{4C79D798-FB54-4CD5-9067-9BDC8678478A} = {4C79D798-FB54-4CD5-9067-9BDC8678478A}
	EndProjectSection
EndProject
Project("{8BC9CEB8-8B4A-11D0-8D11-00A0C91BC942}") = "fsntfs_test_attribute_list_entry", "fsntfs_test_attribute_list_entry\fsntfs_test_attribute_list_entry.vcproj", "{9EE2BE40-B6A0-46C9-8AE9-B2B3DE079C44}"
	ProjectSection(ProjectDependencies) = postProject
		{D1CA56F0-00C0-4E8C-BD6F-8A15619A954D} = {D1CA56F0-00C0-4E8C-BD6F-8A15619A954D}
		{4C79D798-FB54-4CD5-9067-9BDC8678478A} = {4C79D798-FB54-4CD5-9067-9BDC8678478A}
	EndProjectSection
EndProject
Project("{8BC9CEB8-8B4A-11D0-8D11-00A0C91BC942}") = "fsntfs_test_bitmap_values", "fsntfs_test_bitmap_values\fsntfs_test_bitmap_values.vcproj", "{5AA63F16-3E2F-4570-B618-1940C0C0A9DD}"
	ProjectSection(ProjectDependencies) = postProject
		{D1CA56F0-00C0-4E8C-BD6F-8A15619A954D} = {D1CA56F0-00C0-4E8C-BD6F-8A15619A954D}
		{4C79D798-FB54-4CD5-9067-9BDC8678478A} = {4C79D798-FB54-4CD5-9067-9BDC8678478A}
	EndProjectSection
EndProject
Project("{8BC9CEB8-8B4A-11D0-8D11-00A0C91BC942}") = "fsntfs_test_buffer_data_handle", "fsntfs_test_buffer_data_handle\fsntfs_test_buffer_data_handle.vcproj", "{9F4E16E9-E314-4807-B923-4E1B5DD97275}"
	ProjectSection(ProjectDependencies) = postProject
		{D1CA56F0-00C0-4E8C-BD6F-8A15619A954D} = {D1CA56F0-00C0-4E8C-BD6F-8A15619A954D}
		{4C79D798-FB54-4CD5-9067-9BDC8678478A} = {4C79D798-FB54-4CD5-9067-9BDC8678478A}
	EndProjectSection
EndProject
Project("{8BC9CEB8-8B4A-11D0-8D11-00A0C91BC942}") = "fsntfs_test_cluster_block", "fsntfs_test_cluster_block\fsntfs_test_cluster_block.vcproj", "{1A1FAFF8-A1FE-4D75-BB39-3913E5ED5834}"
	ProjectSection(ProjectDependencies) = postProject
		{B3CAA0DA-B778-4B69-8537-3AF7F9984F51} = {B3CAA0DA-B778-4B69-8537-3AF7F9984F51}
		{5C1834B6-0BA9-4541-8770-D65A78F33958} = {5C1834B6-0BA9-4541-8770-D65A78F33958}
		{9DEDE9E5-79D9-41BF-B0E7-92F61D394BE2} = {9DEDE9E5-79D9-41BF-B0E7-92F61D394BE2}
		{8447CA5B-9D12-4DF0-B225-A25F4B288D2D} = {8447CA5B-9D12-4DF0-B225-A25F4B288D2D}
		{9D9A7FB3-B049-4E4C-835A-D2516DC2F076} = {9D9A7FB3-B049-4E4C-835A-D2516DC2F076}
		{5641B37B-7AE7-450A-A433-7B83C73BC878} = {5641B37B-7AE7-450A-A433-7B83C73BC878}
		{F0DFA3BB-B24D-4B3C-B3C2-9FB961D96395} = {F0DFA3BB-B24D-4B3C-B3C2-9FB961D96395}
		{F42C141B-BECB-4F9C-828B-8BA0DB2BF7E5} = {F42C141B-BECB-4F9C-828B-8BA0DB2BF7E5}
		{D1CA56F0-00C0-4E8C-BD6F-8A15619A954D} = {D1CA56F0-00C0-4E8C-BD6F-8A15619A954D}
		{4C79D798-FB54-4CD5-9067-9BDC8678478A} = {4C79D798-FB54-4CD5-9067-9BDC8678478A}
	EndProjectSection
EndProject
Project("{8BC9CEB8-8B4A-11D0-8D11-00A0C91BC942}") = "fsntfs_test_cluster_block_data", "fsntfs_test_cluster_block_data\fsntfs_test_cluster_block_data.vcproj", "{DB4FE956-0D15-47B3-89B4-2049D90A9FAC}"
	ProjectSection(ProjectDependencies) = postProject
		{B3CAA0DA-B778-4B69-8537-3AF7F9984F51} = {B3CAA0DA-B778-4B69-8537-3AF7F9984F51}
		{5C1834B6-0BA9-4541-8770-D65A78F33958} = {5C1834B6-0BA9-4541-8770-D65A78F33958}
		{9DEDE9E5-79D9-41BF-B0E7-92F61D394BE2} = {9DEDE9E5-79D9-41BF-B0E7-92F61D394BE2}
		{8447CA5B-9D12-4DF0-B225-A25F4B288D2D} = {8447CA5B-9D12-4DF0-B225-A25F4B288D2D}
		{9D9A7FB3-B049-4E4C-835A-D2516DC2F076} = {9D9A7FB3-B049-4E4C-835A-D2516DC2F076}
		{5641B37B-7AE7-450A-A433-7B83C73BC878} = {5641B37B-7AE7-450A-A433-7B83C73BC878}
		{F0DFA3BB-B24D-4B3C-B3C2-9FB961D96395} = {F0DFA3BB-B24D-4B3C-B3C2-9FB961D96395}
		{F42C141B-BECB-4F9C-828B-8BA0DB2BF7E5} = {F42C141B-BECB-4F9C-828B-8BA0DB2BF7E5}
		{D1CA56F0-00C0-4E8C-BD6F-8A15619A954D} = {D1CA56F0-00C0-4E8C-BD6F-8A15619A954D}
		{4C79D798-FB54-4CD5-9067-9BDC8678478A} = {4C79D798-FB54-4CD5-9067-9BDC8678478A}
	EndProjectSection
EndProject
Project("{8BC9CEB8-8B4A-11D0-8D11-00A0C91BC942}") = "fsntfs_test_cluster_block_stream", "fsntfs_test_cluster_block_stream\fsntfs_test_cluster_block_stream.vcproj", "{7075C461-7EE0-4BBB-BE45-4CA4D58CE945}"
	ProjectSection(ProjectDependencies) = postProject
		{D9725AED-6124-4225-AC2B-306A97F90607} = {D9725AED-6124-4225-AC2B-306A97F90607}
		{D1CA56F0-00C0-4E8C-BD6F-8A15619A954D} = {D1CA56F0-00C0-4E8C-BD6F-8A15619A954D}
		{4C79D798-FB54-4CD5-9067-9BDC8678478A} = {4C79D798-FB54-4CD5-9067-9BDC8678478A}
	EndProjectSection
EndProject
Project("{8BC9CEB8-8B4A-11D0-8D11-00A0C91BC942}") = "fsntfs_test_cluster_block_vector", "fsntfs_test_cluster_block_vector\fsntfs_test_cluster_block_vector.vcproj", "{8DC89DA4-6CA8-421D-989F-E2F3A7F220F1}"
	ProjectSection(ProjectDependencies) = postProject
		{D9725AED-6124-4225-AC2B-306A97F90607} = {D9725AED-6124-4225-AC2B-306A97F90607}
		{D46D1213-A541-465A-B75B-B5BE4DF98CDB} = {D46D1213-A541-465A-B75B-B5BE4DF98CDB}
		{B3CAA0DA-B778-4B69-8537-3AF7F9984F51} = {B3CAA0DA-B778-4B69-8537-3AF7F9984F51}
		{5C1834B6-0BA9-4541-8770-D65A78F33958} = {5C1834B6-0BA9-4541-8770-D65A78F33958}
		{9DEDE9E5-79D9-41BF-B0E7-92F61D394BE2} = {9DEDE9E5-79D9-41BF-B0E7-92F61D394BE2}
		{8447CA5B-9D12-4DF0-B225-A25F4B288D2D} = {8447CA5B-9D12-4DF0-B225-A25F4B288D2D}
		{9D9A7FB3-B049-4E4C-835A-D2516DC2F076} = {9D9A7FB3-B049-4E4C-835A-D2516DC2F076}
		{5641B37B-7AE7-450A-A433-7B83C73BC878} = {5641B37B-7AE7-450A-A433-7B83C73BC878}
		{F0DFA3BB-B24D-4B3C-B3C2-9FB961D96395} = {F0DFA3BB-B24D-4B3C-B3C2-9FB961D96395}
		{F42C141B-BECB-4F9C-828B-8BA0DB2BF7E5} = {F42C141B-BECB-4F9C-828B-8BA0DB2BF7E5}
		{D1CA56F0-00C0-4E8C-BD6F-8A15619A954D} = {D1CA56F0-00C0-4E8C-BD6F-8A15619A954D}
		{4C79D798-FB54-4CD5-9067-9BDC8678478A} = {4C79D798-FB54-4CD5-9067-9BDC8678478A}
	EndProjectSection
EndProject
Project("{8BC9CEB8-8B4A-11D0-8D11-00A0C91BC942}") = "fsntfs_test_compressed_block", "fsntfs_test_compressed_block\fsntfs_test_compressed_block.vcproj", "{86801698-77FD-435B-8E13-1648210DEB78}"
	ProjectSection(ProjectDependencies) = postProject
		{D1CA56F0-00C0-4E8C-BD6F-8A15619A954D} = {D1CA56F0-00C0-4E8C-BD6F-8A15619A954D}
		{4C79D798-FB54-4CD5-9067-9BDC8678478A} = {4C79D798-FB54-4CD5-9067-9BDC8678478A}
	EndProjectSection
EndProject
Project("{8BC9CEB8-8B4A-11D0-8D11-00A0C91BC942}") = "fsntfs_test_compressed_block_data_handle", "fsntfs_test_compressed_block_data_handle\fsntfs_test_compressed_block_data_handle.vcproj", "{927EAE6C-E105-4D54-9EB2-CEED9DF847EA}"
	ProjectSection(ProjectDependencies) = postProject
		{B3CAA0DA-B778-4B69-8537-3AF7F9984F51} = {B3CAA0DA-B778-4B69-8537-3AF7F9984F51}
		{5C1834B6-0BA9-4541-8770-D65A78F33958} = {5C1834B6-0BA9-4541-8770-D65A78F33958}
		{9DEDE9E5-79D9-41BF-B0E7-92F61D394BE2} = {9DEDE9E5-79D9-41BF-B0E7-92F61D394BE2}
		{8447CA5B-9D12-4DF0-B225-A25F4B288D2D} = {8447CA5B-9D12-4DF0-B225-A25F4B288D2D}
		{9D9A7FB3-B049-4E4C-835A-D2516DC2F076} = {9D9A7FB3-B049-4E4C-835A-D2516DC2F076}
		{5641B37B-7AE7-450A-A433-7B83C73BC878} = {5641B37B-7AE7-450A-A433-7B83C73BC878}
		{F0DFA3BB-B24D-4B3C-B3C2-9FB961D96395} = {F0DFA3BB-B24D-4B3C-B3C2-9FB961D96395}
		{F42C141B-BECB-4F9C-828B-8BA0DB2BF7E5} = {F42C141B-BECB-4F9C-828B-8BA0DB2BF7E5}
		{D1CA56F0-00C0-4E8C-BD6F-8A15619A954D} = {D1CA56F0-00C0-4E8C-BD6F-8A15619A954D}
		{4C79D798-FB54-4CD5-9067-9BDC8678478A} = {4C79D798-FB54-4CD5-9067-9BDC8678478A}
	EndProjectSection
EndProject
Project("{8BC9CEB8-8B4A-11D0-8D11-00A0C91BC942}") = "fsntfs_test_compressed_block_vector", "fsntfs_test_compressed_block_vector\fsntfs_test_compressed_block_vector.vcproj", "{CF9B84E8-2B48-44DF-8669-EFC0E3449277}"
	ProjectSection(ProjectDependencies) = postProject
		{D9725AED-6124-4225-AC2B-306A97F90607} = {D9725AED-6124-4225-AC2B-306A97F90607}
		{D46D1213-A541-465A-B75B-B5BE4DF98CDB} = {D46D1213-A541-465A-B75B-B5BE4DF98CDB}
		{B3CAA0DA-B778-4B69-8537-3AF7F9984F51} = {B3CAA0DA-B778-4B69-8537-3AF7F9984F51}
		{5C1834B6-0BA9-4541-8770-D65A78F33958} = {5C1834B6-0BA9-4541-8770-D65A78F33958}
		{9DEDE9E5-79D9-41BF-B0E7-92F61D394BE2} = {9DEDE9E5-79D9-41BF-B0E7-92F61D394BE2}
		{8447CA5B-9D12-4DF0-B225-A25F4B288D2D} = {8447CA5B-9D12-4DF0-B225-A25F4B288D2D}
		{9D9A7FB3-B049-4E4C-835A-D2516DC2F076} = {9D9A7FB3-B049-4E4C-835A-D2516DC2F076}
		{5641B37B-7AE7-450A-A433-7B83C73BC878} = {5641B37B-7AE7-450A-A433-7B83C73BC878}
		{F0DFA3BB-B24D-4B3C-B3C2-9FB961D96395} = {F0DFA3BB-B24D-4B3C-B3C2-9FB961D96395}
		{F42C141B-BECB-4F9C-828B-8BA0DB2BF7E5} = {F42C141B-BECB-4F9C-828B-8BA0DB2BF7E5}
		{D1CA56F0-00C0-4E8C-BD6F-8A15619A954D} = {D1CA56F0-00C0-4E8C-BD6F-8A15619A954D}
		{4C79D798-FB54-4CD5-9067-9BDC8678478A} = {4C79D798-FB54-4CD5-9067-9BDC8678478A}
	EndProjectSection
EndProject
Project("{8BC9CEB8-8B4A-11D0-8D11-00A0C91BC942}") = "fsntfs_test_compressed_data_handle", "fsntfs_test_compressed_data_handle\fsntfs_test_compressed_data_handle.vcproj", "{B54DE37F-756A-4AA6-B433-37EE73615DC8}"
	ProjectSection(ProjectDependencies) = postProject
		{D9725AED-6124-4225-AC2B-306A97F90607} = {D9725AED-6124-4225-AC2B-306A97F90607}
		{D1CA56F0-00C0-4E8C-BD6F-8A15619A954D} = {D1CA56F0-00C0-4E8C-BD6F-8A15619A954D}
		{4C79D798-FB54-4CD5-9067-9BDC8678478A} = {4C79D798-FB54-4CD5-9067-9BDC8678478A}
	EndProjectSection
EndProject
Project("{8BC9CEB8-8B4A-11D0-8D11-00A0C91BC942}") = "fsntfs_test_compression", "fsntfs_test_compression\fsntfs_test_compression.vcproj", "{0D77DCAA-02A7-4D35-8823-96BA88A7B132}"
	ProjectSection(ProjectDependencies) = postProject
		{D1CA56F0-00C0-4E8C-BD6F-8A15619A954D} = {D1CA56F0-00C0-4E8C-BD6F-8A15619A954D}
		{4C79D798-FB54-4CD5-9067-9BDC8678478A} = {4C79D798-FB54-4CD5-9067-9BDC8678478A}
	EndProjectSection
EndProject
Project("{8BC9CEB8-8B4A-11D0-8D11-00A0C91BC942}") = "fsntfs_test_compression_unit_data_handle", "fsntfs_test_compression_unit_data_handle\fsntfs_test_compression_unit_data_handle.vcproj", "{5D487897-C716-451D-839D-F9822EF149F4}"
	ProjectSection(ProjectDependencies) = postProject
		{D1CA56F0-00C0-4E8C-BD6F-8A15619A954D} = {D1CA56F0-00C0-4E8C-BD6F-8A15619A954D}
		{4C79D798-FB54-4CD5-9067-9BDC8678478A} = {4C79D798-FB54-4CD5-9067-9BDC8678478A}
	EndProjectSection
EndProject
Project("{8BC9CEB8-8B4A-11D0-8D11-00A0C91BC942}") = "fsntfs_test_compression_unit_descriptor", "fsntfs_test_compression_unit_descriptor\fsntfs_test_compression_unit_descriptor.vcproj", "{75B4E5D6-E008-4EE6-84A7-23A9F0C6F365}"
	ProjectSection(ProjectDependencies) = postProject
		{D1CA56F0-00C0-4E8C-BD6F-8A15619A954D} = {D1CA56F0-00C0-4E8C-BD6F-8A15619A954D}
		{4C79D798-FB54-4CD5-9067-9BDC8678478A} = {4C79D798-FB54-4CD5-9067-9BDC8678478A}
	EndProjectSection
EndProject
Project("{8BC9CEB8-8B4A-11D0-8D11-00A0C91BC942}") = "fsntfs_test_data_run", "fsntfs_test_data_run\fsntfs_test_data_run.vcproj", "{897B0517-4405-4BE7-960B-8FD8CFC1F632}"
	ProjectSection(ProjectDependencies) = postProject
		{D1CA56F0-00C0-4E8C-BD6F-8A15619A954D} = {D1CA56F0-00C0-4E8C-BD6F-8A15619A954D}
		{4C79D798-FB54-4CD5-9067-9BDC8678478A} = {4C79D798-FB54-4CD5-9067-9BDC8678478A}
	EndProjectSection
EndProject
Project("{8BC9CEB8-8B4A-11D0-8D11-00A0C91BC942}") = "fsntfs_test_data_stream", "fsntfs_test_data_stream\fsntfs_test_data_stream.vcproj", "{366722BE-D632-4011-A62D-21DA660F5266}"
	ProjectSection(ProjectDependencies) = postProject
		{B3CAA0DA-B778-4B69-8537-3AF7F9984F51} = {B3CAA0DA-B778-4B69-8537-3AF7F9984F51}
		{5C1834B6-0BA9-4541-8770-D65A78F33958} = {5C1834B6-0BA9-4541-8770-D65A78F33958}
		{9DEDE9E5-79D9-41BF-B0E7-92F61D394BE2} = {9DEDE9E5-79D9-41BF-B0E7-92F61D394BE2}
		{8447CA5B-9D12-4DF0-B225-A25F4B288D2D} = {8447CA5B-9D12-4DF0-B225-A25F4B288D2D}
		{9D9A7FB3-B049-4E4C-835A-D2516DC2F076} = {9D9A7FB3-B049-4E4C-835A-D2516DC2F076}
		{5641B37B-7AE7-450A-A433-7B83C73BC878} = {5641B37B-7AE7-450A-A433-7B83C73BC878}
		{F0DFA3BB-B24D-4B3C-B3C2-9FB961D96395} = {F0DFA3BB-B24D-4B3C-B3C2-9FB961D96395}
		{F42C141B-BECB-4F9C-828B-8BA0DB2BF7E5} = {F42C141B-BECB-4F9C-828B-8BA0DB2BF7E5}
		{D1CA56F0-00C0-4E8C-BD6F-8A15619A954D} = {D1CA56F0-00C0-4E8C-BD6F-8A15619A954D}
		{4C79D798-FB54-4CD5-9067-9BDC8678478A} = {4C79D798-FB54-4CD5-9067-9BDC8678478A}
	EndProjectSection
EndProject
Project("{8BC9CEB8-8B4A-11D0-8D11-00A0C91BC942}") = "fsntfs_test_directory_entries_tree", "fsntfs_test_directory_entries_tree\fsntfs_test_directory_entries_tree.vcproj", "{5336D7B9-8E2D-4309-A78B-B82C5A9535B0}"
	ProjectSection(ProjectDependencies) = postProject
		{B3CAA0DA-B778-4B69-8537-3AF7F9984F51} = {B3CAA0DA-B778-4B69-8537-3AF7F9984F51}
		{5C1834B6-0BA9-4541-8770-D65A78F33958} = {5C1834B6-0BA9-4541-8770-D65A78F33958}
		{9DEDE9E5-79D9-41BF-B0E7-92F61D394BE2} = {9DEDE9E5-79D9-41BF-B0E7-92F61D394BE2}
		{8447CA5B-9D12-4DF0-B225-A25F4B288D2D} = {8447CA5B-9D12-4DF0-B225-A25F4B288D2D}
		{9D9A7FB3-B049-4E4C-835A-D2516DC2F076} = {9D9A7FB3-B049-4E4C-835A-D2516DC2F076}
		{5641B37B-7AE7-450A-A433-7B83C73BC878} = {5641B37B-7AE7-450A-A433-7B83C73BC878}
		{F0DFA3BB-B24D-4B3C-B3C2-9FB961D96395} = {F0DFA3BB-B24D-4B3C-B3C2-9FB961D96395}
		{F42C141B-BECB-4F9C-828B-8BA0DB2BF7E5} = {F42C141B-BECB-4F9C-828B-8BA0DB2BF7E5}
		{D1CA56F0-00C0-4E8C-BD6F-8A15619A954D} = {D1CA56F0-00C0-4E8C-BD6F-8A15619A954D}
		{4C79D798-FB54-4CD5-9067-9BDC8678478A} = {4C79D798-FB54-4CD5-9067-9BDC8678478A}
	EndProjectSection
EndProject
Project("{8BC9CEB8-8B4A-11D0-8D11-00A0C91BC942}") = "fsntfs_test_directory_entry", "fsntfs_test_directory_entry\fsntfs_test_directory_entry.vcproj", "{872A52AC-56B8-4A03-998A-E991ABBB16CD}"
	ProjectSection(ProjectDependencies) = postProject
		{F42C141B-BECB-4F9C-828B-8BA0DB2BF7E5} = {F42C141B-BECB-4F9C-828B-8BA0DB2BF7E5}
		{D1CA56F0-00C0-4E8C-BD6F-8A15619A954D} = {D1CA56F0-00C0-4E8C-BD6F-8A15619A954D}
		{4C79D798-FB54-4CD5-9067-9BDC8678478A} = {4C79D798-FB54-4CD5-9067-9BDC8678478A}
	EndProjectSection
EndProject
Project("{8BC9CEB8-8B4A-11D0-8D11-00A0C91BC942}") = "fsntfs_test_error", "fsntfs_test_error\fsntfs_test_error.vcproj", "{E70D7EBE-951C-4C94-845E-44766CED4367}"
	ProjectSection(ProjectDependencies) = postProject
		{D1CA56F0-00C0-4E8C-BD6F-8A15619A954D} = {D1CA56F0-00C0-4E8C-BD6F-8A15619A954D}
	EndProjectSection
EndProject
Project("{8BC9CEB8-8B4A-11D0-8D11-00A0C91BC942}") = "fsntfs_test_extent", "fsntfs_test_extent\fsntfs_test_extent.vcproj", "{CEDB7153-D51D-4A20-B268-816AC7F79D85}"
	ProjectSection(ProjectDependencies) = postProject
		{D1CA56F0-00C0-4E8C-BD6F-8A15619A954D} = {D1CA56F0-00C0-4E8C-BD6F-8A15619A954D}
		{4C79D798-FB54-4CD5-9067-9BDC8678478A} = {4C79D798-FB54-4CD5-9067-9BDC8678478A}
	EndProjectSection
EndProject
Project("{8BC9CEB8-8B4A-11D0-8D11-00A0C91BC942}") = "fsntfs_test_file_entry", "fsntfs_test_file_entry\fsntfs_test_file_entry.vcproj", "{2DD0CA8E-CB50-4F0C-BAD1-67041D6912CC}"
	ProjectSection(ProjectDependencies) = postProject
		{B3CAA0DA-B778-4B69-8537-3AF7F9984F51} = {B3CAA0DA-B778-4B69-8537-3AF7F9984F51}
		{5C1834B6-0BA9-4541-8770-D65A78F33958} = {5C1834B6-0BA9-4541-8770-D65A78F33958}
		{9DEDE9E5-79D9-41BF-B0E7-92F61D394BE2} = {9DEDE9E5-79D9-41BF-B0E7-92F61D394BE2}
		{8447CA5B-9D12-4DF0-B225-A25F4B288D2D} = {8447CA5B-9D12-4DF0-B225-A25F4B288D2D}
		{9D9A7FB3-B049-4E4C-835A-D2516DC2F076} = {9D9A7FB3-B049-4E4C-835A-D2516DC2F076}
		{5641B37B-7AE7-450A-A433-7B83C73BC878} = {5641B37B-7AE7-450A-A433-7B83C73BC878}
		{F0DFA3BB-B24D-4B3C-B3C2-9FB961D96395} = {F0DFA3BB-B24D-4B3C-B3C2-9FB961D96395}
		{F42C141B-BECB-4F9C-828B-8BA0DB2BF7E5} = {F42C141B-BECB-4F9C-828B-8BA0DB2BF7E5}
		{D1CA56F0-00C0-4E8C-BD6F-8A15619A954D} = {D1CA56F0-00C0-4E8C-BD6F-8A15619A954D}
		{4C79D798-FB54-4CD5-9067-9BDC8678478A} = {4C79D798-FB54-4CD5-9067-9BDC8678478A}
	EndProjectSection
EndProject
Project("{8BC9CEB8-8B4A-11D0-8D11-00A0C91BC942}") = "fsntfs_test_file_name_attribute", "fsntfs_test_file_name_attribute\fsntfs_test_file_name_attribute.vcproj", "{2BB976E5-C6A6-4EFA-9112-C11FB1088136}"
	ProjectSection(ProjectDependencies) = postProject
		{D1CA56F0-00C0-4E8C-BD6F-8A15619A954D} = {D1CA56F0-00C0-4E8C-BD6F-8A15619A954D}
		{4C79D798-FB54-4CD5-9067-9BDC8678478A} = {4C79D798-FB54-4CD5-9067-9BDC8678478A}
	EndProjectSection
EndProject
Project("{8BC9CEB8-8B4A-11D0-8D11-00A0C91BC942}") = "fsntfs_test_file_name_values", "fsntfs_test_file_name_values\fsntfs_test_file_name_values.vcproj", "{4E267E4B-4F7C-4031-B8A3-D023803D6822}"
	ProjectSection(ProjectDependencies) = postProject
		{D1CA56F0-00C0-4E8C-BD6F-8A15619A954D} = {D1CA56F0-00C0-4E8C-BD6F-8A15619A954D}
		{4C79D798-FB54-4CD5-9067-9BDC8678478A} = {4C79D798-FB54-4CD5-9067-9BDC8678478A}
	EndProjectSection
EndProject
Project("{8BC9CEB8-8B4A-11D0-8D11-00A0C91BC942}") = "fsntfs_test_file_system", "fsntfs_test_file_system\fsntfs_test_file_system.vcproj", "{F09A00EE-2E4A-4E6A-90F4-9501DAAC5262}"
	ProjectSection(ProjectDependencies) = postProject
		{B3CAA0DA-B778-4B69-8537-3AF7F9984F51} = {B3CAA0DA-B778-4B69-8537-3AF7F9984F51}
		{5C1834B6-0BA9-4541-8770-D65A78F33958} = {5C1834B6-0BA9-4541-8770-D65A78F33958}
		{9DEDE9E5-79D9-41BF-B0E7-92F61D394BE2} = {9DEDE9E5-79D9-41BF-B0E7-92F61D394BE2}
		{8447CA5B-9D12-4DF0-B225-A25F4B288D2D} = {8447CA5B-9D12-4DF0-B225-A25F4B288D2D}
		{9D9A7FB3-B049-4E4C-835A-D2516DC2F076} = {9D9A7FB3-B049-4E4C-835A-D2516DC2F076}
		{5641B37B-7AE7-450A-A433-7B83C73BC878} = {5641B37B-7AE7-450A-A433-7B83C73BC878}
		{F0DFA3BB-B24D-4B3C-B3C2-9FB961D96395} = {F0DFA3BB-B24D-4B3C-B3C2-9FB961D96395}
		{F42C141B-BECB-4F9C-828B-8BA0DB2BF7E5} = {F42C141B-BECB-4F9C-828B-8BA0DB2BF7E5}
		{D1CA56F0-00C0-4E8C-BD6F-8A15619A954D} = {D1CA56F0-00C0-4E8C-BD6F-8A15619A954D}
		{4C79D798-FB54-4CD5-9067-9BDC8678478A} = {4C79D798-FB54-4CD5-9067-9BDC8678478A}
	EndProjectSection
EndProject
Project("{8BC9CEB8-8B4A-11D0-8D11-00A0C91BC942}") = "fsntfs_test_fixup_values", "fsntfs_test_fixup_values\fsntfs_test_fixup_values.vcproj", "{8D5F07FD-41A4-4755-8BEF-E56AAD7AFD64}"
	ProjectSection(ProjectDependencies) = postProject
		{D1CA56F0-00C0-4E8C-BD6F-8A15619A954D} = {D1CA56F0-00C0-4E8C-BD6F-8A15619A954D}
		{4C79D798-FB54-4CD5-9067-9BDC8678478A} = {4C79D798-FB54-4CD5-9067-9BDC8678478A}
	EndProjectSection
EndProject
Project("{8BC9CEB8-8B4A-11D0-8D11-00A0C91BC942}") = "fsntfs_test_index", "fsntfs_test_index\fsntfs_test_index.vcproj", "{BA6DC222-C14D-40D2-B2EF-A99EE46CF530}"
	ProjectSection(ProjectDependencies) = postProject
		{D1CA56F0-00C0-4E8C-BD6F-8A15619A954D} = {D1CA56F0-00C0-4E8C-BD6F-8A15619A954D}
		{4C79D798-FB54-4CD5-9067-9BDC8678478A} = {4C79D798-FB54-4CD5-9067-9BDC8678478A}
	EndProjectSection
EndProject
Project("{8BC9CEB8-8B4A-11D0-8D11-00A0C91BC942}") = "fsntfs_test_index_entry", "fsntfs_test_index_entry\fsntfs_test_index_entry.vcproj", "{5F5EFDC4-BB68-493C-B4CB-44C82892090C}"
	ProjectSection(ProjectDependencies) = postProject
		{B3CAA0DA-B778-4B69-8537-3AF7F9984F51} = {B3CAA0DA-B778-4B69-8537-3AF7F9984F51}
		{5C1834B6-0BA9-4541-8770-D65A78F33958} = {5C1834B6-0BA9-4541-8770-D65A78F33958}
		{9DEDE9E5-79D9-41BF-B0E7-92F61D394BE2} = {9DEDE9E5-79D9-41BF-B0E7-92F61D394BE2}
		{8447CA5B-9D12-4DF0-B225-A25F4B288D2D} = {8447CA5B-9D12-4DF0-B225-A25F4B288D2D}
		{9D9A7FB3-B049-4E4C-835A-D2516DC2F076} = {9D9A7FB3-B049-4E4C-835A-D2516DC2F076}
		{5641B37B-7AE7-450A-A433-7B83C73BC878} = {5641B37B-7AE7-450A-A433-7B83C73BC878}
		{F0DFA3BB-B24D-4B3C-B3C2-9FB961D96395} = {F0DFA3BB-B24D-4B3C-B3C2-9FB961D96395}
		{F42C141B-BECB-4F9C-828B-8BA0DB2BF7E5} = {F42C141B-BECB-4F9C-828B-8BA0DB2BF7E5}
		{D1CA56F0-00C0-4E8C-BD6F-8A15619A954D} = {D1CA56F0-00C0-4E8C-BD6F-8A15619A954D}
		{4C79D798-FB54-4CD5-9067-9BDC8678478A} = {4C79D798-FB54-4CD5-9067-9BDC8678478A}
	EndProjectSection
EndProject
Project("{8BC9CEB8-8B4A-11D0-8D11-00A0C91BC942}") = "fsntfs_test_index_entry_header", "fsntfs_test_index_entry_header\fsntfs_test_index_entry_header.vcproj", "{D5B437A3-9C0B-433C-9BD6-0D3B1FA4EDDB}"
	ProjectSection(ProjectDependencies) = postProject
		{D1CA56F0-00C0-4E8C-BD6F-8A15619A954D} = {D1CA56F0-00C0-4E8C-BD6F-8A15619A954D}
		{4C79D798-FB54-4CD5-9067-9BDC8678478A} = {4C79D798-FB54-4CD5-9067-9BDC8678478A}
	EndProjectSection
EndProject
Project("{8BC9CEB8-8B4A-11D0-8D11-00A0C91BC942}") = "fsntfs_test_index_entry_vector", "fsntfs_test_index_entry_vector\fsntfs_test_index_entry_vector.vcproj", "{60828C47-8A89-42DA-98CB-6775272A2FDC}"
	ProjectSection(ProjectDependencies) = postProject
		{D9725AED-6124-4225-AC2B-306A97F90607} = {D9725AED-6124-4225-AC2B-306A97F90607}
		{D46D1213-A541-465A-B75B-B5BE4DF98CDB} = {D46D1213-A541-465A-B75B-B5BE4DF98CDB}
		{B3CAA0DA-B778-4B69-8537-3AF7F9984F51} = {B3CAA0DA-B778-4B69-8537-3AF7F9984F51}
		{5C1834B6-0BA9-4541-8770-D65A78F33958} = {5C1834B6-0BA9-4541-8770-D65A78F33958}
		{9DEDE9E5-79D9-41BF-B0E7-92F61D394BE2} = {9DEDE9E5-79D9-41BF-B0E7-92F61D394BE2}
		{8447CA5B-9D12-4DF0-B225-A25F4B288D2D} = {8447CA5B-9D12-4DF0-B225-A25F4B288D2D}
		{9D9A7FB3-B049-4E4C-835A-D2516DC2F076} = {9D9A7FB3-B049-4E4C-835A-D2516DC2F076}
		{5641B37B-7AE7-450A-A433-7B83C73BC878} = {5641B37B-7AE7-450A-A433-7B83C73BC878}
		{F0DFA3BB-B24D-4B3C-B3C2-9FB961D96395} = {F0DFA3BB-B24D-4B3C-B3C2-9FB961D96395}
		{F42C141B-BECB-4F9C-828B-8BA0DB2BF7E5} = {F42C141B-BECB-4F9C-828B-8BA0DB2BF7E5}
		{D1CA56F0-00C0-4E8C-BD6F-8A15619A954D} = {D1CA56F0-00C0-4E8C-BD6F-8A15619A954D}
		{4C79D798-FB54-4CD5-9067-9BDC8678478A} = {4C79D798-FB54-4CD5-9067-9BDC8678478A}
	EndProjectSection
EndProject
Project("{8BC9CEB8-8B4A-11D0-8D11-00A0C91BC942}") = "fsntfs_test_index_node", "fsntfs_test_index_node\fsntfs_test_index_node.vcproj", "{85D3991B-8695-4DC7-A7BB-E88EB1E150D1}"
	ProjectSection(ProjectDependencies) = postProject
		{D1CA56F0-00C0-4E8C-BD6F-8A15619A954D} = {D1CA56F0-00C0-4E8C-BD6F-8A15619A954D}
		{4C79D798-FB54-4CD5-9067-9BDC8678478A} = {4C79D798-FB54-4CD5-9067-9BDC8678478A}
	EndProjectSection
EndProject
Project("{8BC9CEB8-8B4A-11D0-8D11-00A0C91BC942}") = "fsntfs_test_index_node_header", "fsntfs_test_index_node_header\fsntfs_test_index_node_header.vcproj", "{83A76DAD-2982-4A72-84B8-A355112A4A23}"
	ProjectSection(ProjectDependencies) = postProject
		{D1CA56F0-00C0-4E8C-BD6F-8A15619A954D} = {D1CA56F0-00C0-4E8C-BD6F-8A15619A954D}
		{4C79D798-FB54-4CD5-9067-9BDC8678478A} = {4C79D798-FB54-4CD5-9067-9BDC8678478A}
	EndProjectSection
EndProject
Project("{8BC9CEB8-8B4A-11D0-8D11-00A0C91BC942}") = "fsntfs_test_index_root_header", "fsntfs_test_index_root_header\fsntfs_test_index_root_header.vcproj", "{E6F1AE28-F1A0-423C-8810-0B5051E27384}"
	ProjectSection(ProjectDependencies) = postProject
		{D1CA56F0-00C0-4E8C-BD6F-8A15619A954D} = {D1CA56F0-00C0-4E8C-BD6F-8A15619A954D}
		{4C79D798-FB54-4CD5-9067-9BDC8678478A} = {4C79D798-FB54-4CD5-9067-9BDC8678478A}
	EndProjectSection
EndProject
Project("{8BC9CEB8-8B4A-11D0-8D11-00A0C91BC942}") = "fsntfs_test_index_value", "fsntfs_test_index_value\fsntfs_test_index_value.vcproj", "{A62A34CD-C110-49D8-A4D6-9047A82856CE}"
	ProjectSection(ProjectDependencies) = postProject
		{D1CA56F0-00C0-4E8C-BD6F-8A15619A954D} = {D1CA56F0-00C0-4E8C-BD6F-8A15619A954D}
		{4C79D798-FB54-4CD5-9067-9BDC8678478A} = {4C79D798-FB54-4CD5-9067-9BDC8678478A}
	EndProjectSection
EndProject
Project("{8BC9CEB8-8B4A-11D0-8D11-00A0C91BC942}") = "fsntfs_test_io_handle", "fsntfs_test_io_handle\fsntfs_test_io_handle.vcproj", "{B2142A8D-EB4B-40A7-9C59-472E5F4DF792}"
	ProjectSection(ProjectDependencies) = postProject
		{D1CA56F0-00C0-4E8C-BD6F-8A15619A954D} = {D1CA56F0-00C0-4E8C-BD6F-8A15619A954D}
		{4C79D798-FB54-4CD5-9067-9BDC8678478A} = {4C79D798-FB54-4CD5-9067-9BDC8678478A}
	EndProjectSection
EndProject
Project("{8BC9CEB8-8B4A-11D0-8D11-00A0C91BC942}") = "fsntfs_test_logged_utility_stream_values", "fsntfs_test_logged_utility_stream_values\fsntfs_test_logged_utility_stream_values.vcproj", "{8C4AE295-DF4B-48D6-9297-C86AB0C80DE9}"
	ProjectSection(ProjectDependencies) = postProject
		{D1CA56F0-00C0-4E8C-BD6F-8A15619A954D} = {D1CA56F0-00C0-4E8C-BD6F-8A15619A954D}
		{4C79D798-FB54-4CD5-9067-9BDC8678478A} = {4C79D798-FB54-4CD5-9067-9BDC8678478A}
	EndProjectSection
EndProject
Project("{8BC9CEB8-8B4A-11D0-8D11-00A0C91BC942}") = "fsntfs_test_mft", "fsntfs_test_mft\fsntfs_test_mft.vcproj", "{A3F12C14-08FF-412C-806B-8258A444B134}"
	ProjectSection(ProjectDependencies) = postProject
		{D1CA56F0-00C0-4E8C-BD6F-8A15619A954D} = {D1CA56F0-00C0-4E8C-BD6F-8A15619A954D}
		{4C79D798-FB54-4CD5-9067-9BDC8678478A} = {4C79D798-FB54-4CD5-9067-9BDC8678478A}
	EndProjectSection
EndProject
Project("{8BC9CEB8-8B4A-11D0-8D11-00A0C91BC942}") = "fsntfs_test_mft_attribute", "fsntfs_test_mft_attribute\fsntfs_test_mft_attribute.vcproj", "{33B72873-D87D-480A-8371-3334AEE49B6C}"
	ProjectSection(ProjectDependencies) = postProject
		{F42C141B-BECB-4F9C-828B-8BA0DB2BF7E5} = {F42C141B-BECB-4F9C-828B-8BA0DB2BF7E5}
		{D1CA56F0-00C0-4E8C-BD6F-8A15619A954D} = {D1CA56F0-00C0-4E8C-BD6F-8A15619A954D}
		{4C79D798-FB54-4CD5-9067-9BDC8678478A} = {4C79D798-FB54-4CD5-9067-9BDC8678478A}
	EndProjectSection
EndProject
Project("{8BC9CEB8-8B4A-11D0-8D11-00A0C91BC942}") = "fsntfs_test_mft_attribute_list", "fsntfs_test_mft_attribute_list\fsntfs_test_mft_attribute_list.vcproj", "{160C2657-FEEE-45BC-959F-D68E6B07F619}"
	ProjectSection(ProjectDependencies) = postProject
		{F42C141B-BECB-4F9C-828B-8BA0DB2BF7E5} = {F42C141B-BECB-4F9C-828B-8BA0DB2BF7E5}
		{D1CA56F0-00C0-4E8C-BD6F-8A15619A954D} = {D1CA56F0-00C0-4E8C-BD6F-8A15619A954D}
		{4C79D798-FB54-4CD5-9067-9BDC8678478A} = {4C79D798-FB54-4CD5-9067-9BDC8678478A}
	EndProjectSection
EndProject
Project("{8BC9CEB8-8B4A-11D0-8D11-00A0C91BC942}") = "fsntfs_test_mft_attribute_list_entry", "fsntfs_test_mft_attribute_list_entry\fsntfs_test_mft_attribute_list_entry.vcproj", "{4D7E70CE-57AD-430F-8387-BB518D767BD2}"
	ProjectSection(ProjectDependencies) = postProject
		{F42C141B-BECB-4F9C-828B-8BA0DB2BF7E5} = {F42C141B-BECB-4F9C-828B-8BA0DB2BF7E5}
		{D1CA56F0-00C0-4E8C-BD6F-8A15619A954D} = {D1CA56F0-00C0-4E8C-BD6F-8A15619A954D}
		{4C79D798-FB54-4CD5-9067-9BDC8678478A} = {4C79D798-FB54-4CD5-9067-9BDC8678478A}
	EndProjectSection
EndProject
Project("{8BC9CEB8-8B4A-11D0-8D11-00A0C91BC942}") = "fsntfs_test_mft_entry", "fsntfs_test_mft_entry\fsntfs_test_mft_entry.vcproj", "{59700D23-BA81-4639-8F02-3F609FAB22EF}"
	ProjectSection(ProjectDependencies) = postProject
		{B3CAA0DA-B778-4B69-8537-3AF7F9984F51} = {B3CAA0DA-B778-4B69-8537-3AF7F9984F51}
		{5C1834B6-0BA9-4541-8770-D65A78F33958} = {5C1834B6-0BA9-4541-8770-D65A78F33958}
		{9DEDE9E5-79D9-41BF-B0E7-92F61D394BE2} = {9DEDE9E5-79D9-41BF-B0E7-92F61D394BE2}
		{8447CA5B-9D12-4DF0-B225-A25F4B288D2D} = {8447CA5B-9D12-4DF0-B225-A25F4B288D2D}
		{9D9A7FB3-B049-4E4C-835A-D2516DC2F076} = {9D9A7FB3-B049-4E4C-835A-D2516DC2F076}
		{5641B37B-7AE7-450A-A433-7B83C73BC878} = {5641B37B-7AE7-450A-A433-7B83C73BC878}
		{F0DFA3BB-B24D-4B3C-B3C2-9FB961D96395} = {F0DFA3BB-B24D-4B3C-B3C2-9FB961D96395}
		{F42C141B-BECB-4F9C-828B-8BA0DB2BF7E5} = {F42C141B-BECB-4F9C-828B-8BA0DB2BF7E5}
		{D1CA56F0-00C0-4E8C-BD6F-8A15619A954D} = {D1CA56F0-00C0-4E8C-BD6F-8A15619A954D}
		{4C79D798-FB54-4CD5-9067-9BDC8678478A} = {4C79D798-FB54-4CD5-9067-9BDC8678478A}
	EndProjectSection
EndProject
Project("{8BC9CEB8-8B4A-11D0-8D11-00A0C91BC942}") = "fsntfs_test_mft_entry_header", "fsntfs_test_mft_entry_header\fsntfs_test_mft_entry_header.vcproj", "{66977E3C-C885-454C-B1D7-67A232096535}"
	ProjectSection(ProjectDependencies) = postProject
		{D1CA56F0-00C0-4E8C-BD6F-8A15619A954D} = {D1CA56F0-00C0-4E8C-BD6F-8A15619A954D}
		{4C79D798-FB54-4CD5-9067-9BDC8678478A} = {4C79D798-FB54-4CD5-9067-9BDC8678478A}
	EndProjectSection
EndProject
Project("{8BC9CEB8-8B4A-11D0-8D11-00A0C91BC942}") = "fsntfs_test_mft_metadata_file", "fsntfs_test_mft_metadata_file\fsntfs_test_mft_metadata_file.vcproj", "{69500ADF-371A-43DE-B73E-8A4CA34CB16C}"
	ProjectSection(ProjectDependencies) = postProject
		{B3CAA0DA-B778-4B69-8537-3AF7F9984F51} = {B3CAA0DA-B778-4B69-8537-3AF7F9984F51}
		{5C1834B6-0BA9-4541-8770-D65A78F33958} = {5C1834B6-0BA9-4541-8770-D65A78F33958}
		{9DEDE9E5-79D9-41BF-B0E7-92F61D394BE2} = {9DEDE9E5-79D9-41BF-B0E7-92F61D394BE2}
		{8447CA5B-9D12-4DF0-B225-A25F4B288D2D} = {8447CA5B-9D12-4DF0-B225-A25F4B288D2D}
		{9D9A7FB3-B049-4E4C-835A-D2516DC2F076} = {9D9A7FB3-B049-4E4C-835A-D2516DC2F076}
		{5641B37B-7AE7-450A-A433-7B83C73BC878} = {5641B37B-7AE7-450A-A433-7B83C73BC878}
		{F0DFA3BB-B24D-4B3C-B3C2-9FB961D96395} = {F0DFA3BB-B24D-4B3C-B3C2-9FB961D96395}
		{F42C141B-BECB-4F9C-828B-8BA0DB2BF7E5} = {F42C141B-BECB-4F9C-828B-8BA0DB2BF7E5}
		{D1CA56F0-00C0-4E8C-BD6F-8A15619A954D} = {D1CA56F0-00C0-4E8C-BD6F-8A15619A954D}
		{4C79D798-FB54-4CD5-9067-9BDC8678478A} = {4C79D798-FB54-4CD5-9067-9BDC8678478A}
	EndProjectSection
EndProject
Project("{8BC9CEB8-8B4A-11D0-8D11-00A0C91BC942}") = "fsntfs_test_name", "fsntfs_test_name\fsntfs_test_name.vcproj", "{A6FA8C02-6C70-455E-9B1B-0A3315BCEEBE}"
	ProjectSection(ProjectDependencies) = postProject
		{D1CA56F0-00C0-4E8C-BD6F-8A15619A954D} = {D1CA56F0-00C0-4E8C-BD6F-8A15619A954D}
		{4C79D798-FB54-4CD5-9067-9BDC8678478A} = {4C79D798-FB54-4CD5-9067-9BDC8678478A}
	EndProjectSection
EndProject
Project("{8BC9CEB8-8B4A-11D0-8D11-00A0C91BC942}") = "fsntfs_test_notify", "fsntfs_test_notify\fsntfs_test_notify.vcproj", "{3C380B85-EC36-457F-A07A-05C9B56AD5F6}"
	ProjectSection(ProjectDependencies) = postProject
		{D1CA56F0-00C0-4E8C-BD6F-8A15619A954D} = {D1CA56F0-00C0-4E8C-BD6F-8A15619A954D}
		{4C79D798-FB54-4CD5-9067-9BDC8678478A} = {4C79D798-FB54-4CD5-9067-9BDC8678478A}
	EndProjectSection
EndProject
Project("{8BC9CEB8-8B4A-11D0-8D11-00A0C91BC942}") = "fsntfs_test_object_identifier_values", "fsntfs_test_object_identifier_values\fsntfs_test_object_identifier_values.vcproj", "{38C14533-3620-463E-9476-CCB8D224DCF6}"
	ProjectSection(ProjectDependencies) = postProject
		{D1CA56F0-00C0-4E8C-BD6F-8A15619A954D} = {D1CA56F0-00C0-4E8C-BD6F-8A15619A954D}
		{4C79D798-FB54-4CD5-9067-9BDC8678478A} = {4C79D798-FB54-4CD5-9067-9BDC8678478A}
	EndProjectSection
EndProject
Project("{8BC9CEB8-8B4A-11D0-8D11-00A0C91BC942}") = "fsntfs_test_path_hint", "fsntfs_test_path_hint\fsntfs_test_path_hint.vcproj", "{DD6F6ABC-6000-41DA-AD17-15297A2A3E35}"
	ProjectSection(ProjectDependencies) = postProject
		{D1CA56F0-00C0-4E8C-BD6F-8A15619A954D} = {D1CA56F0-00C0-4E8C-BD6F-8A15619A954D}
		{4C79D798-FB54-4CD5-9067-9BDC8678478A} = {4C79D798-FB54-4CD5-9067-9BDC8678478A}
	EndProjectSection
EndProject
Project("{8BC9CEB8-8B4A-11D0-8D11-00A0C91BC942}") = "fsntfs_test_profiler", "fsntfs_test_profiler\fsntfs_test_profiler.vcproj", "{BEB36450-DEDD-4262-AC86-ACBE007581F6}"
	ProjectSection(ProjectDependencies) = postProject
		{D1CA56F0-00C0-4E8C-BD6F-8A15619A954D} = {D1CA56F0-00C0-4E8C-BD6F-8A15619A954D}
		{4C79D798-FB54-4CD5-9067-9BDC8678478A} = {4C79D798-FB54-4CD5-9067-9BDC8678478A}
	EndProjectSection
EndProject
Project("{8BC9CEB8-8B4A-11D0-8D11-00A0C91BC942}") = "fsntfs_test_reparse_point_attribute", "fsntfs_test_reparse_point_attribute\fsntfs_test_reparse_point_attribute.vcproj", "{3B175834-2D21-4F9A-AB77-2BB94DAB3BEC}"
	ProjectSection(ProjectDependencies) = postProject
		{D1CA56F0-00C0-4E8C-BD6F-8A15619A954D} = {D1CA56F0-00C0-4E8C-BD6F-8A15619A954D}
		{4C79D798-FB54-4CD5-9067-9BDC8678478A} = {4C79D798-FB54-4CD5-9067-9BDC8678478A}
	EndProjectSection
EndProject
Project("{8BC9CEB8-8B4A-11D0-8D11-00A0C91BC942}") = "fsntfs_test_reparse_point_values", "fsntfs_test_reparse_point_values\fsntfs_test_reparse_point_values.vcproj", "{D47D7B9A-C9B6-4F52-8B13-14E7FE90200E}"
	ProjectSection(ProjectDependencies) = postProject
		{D1CA56F0-00C0-4E8C-BD6F-8A15619A954D} = {D1CA56F0-00C0-4E8C-BD6F-8A15619A954D}
		{4C79D798-FB54-4CD5-9067-9BDC8678478A} = {4C79D798-FB54-4CD5-9067-9BDC8678478A}
	EndProjectSection
EndProject
Project("{8BC9CEB8-8B4A-11D0-8D11-00A0C91BC942}") = "fsntfs_test_sds_index_value", "fsntfs_test_sds_index_value\fsntfs_test_sds_index_value.vcproj", "{0C5B426F-5F01-4A7F-8FE3-A372CE67F02A}"
	ProjectSection(ProjectDependencies) = postProject
		{D1CA56F0-00C0-4E8C-BD6F-8A15619A954D} = {D1CA56F0-00C0-4E8C-BD6F-8A15619A954D}
		{4C79D798-FB54-4CD5-9067-9BDC8678478A} = {4C79D798-FB54-4CD5-9067-9BDC8678478A}
	EndProjectSection
EndProject
Project("{8BC9CEB8-8B4A-11D0-8D11-00A0C91BC942}") = "fsntfs_test_security_descriptor_index", "fsntfs_test_security_descriptor_index\fsntfs_test_security_descriptor_index.vcproj", "{AF956C6B-4E27-487E-B795-7F8503A4B5AB}"
	ProjectSection(ProjectDependencies) = postProject
		{D1CA56F0-00C0-4E8C-BD6F-8A15619A954D} = {D1CA56F0-00C0-4E8C-BD6F-8A15619A954D}
		{4C79D798-FB54-4CD5-9067-9BDC8678478A} = {4C79D798-FB54-4CD5-9067-9BDC8678478A}
	EndProjectSection
EndProject
Project("{8BC9CEB8-8B4A-11D0-8D11-00A0C91BC942}") = "fsntfs_test_security_descriptor_index_value", "fsntfs_test_security_descriptor_index_value\fsntfs_test_security_descriptor_index_value.vcproj", "{B6B3A52D-BD01-4831-8F40-080721E5F3B8}"
	ProjectSection(ProjectDependencies) = postProject
		{D1CA56F0-00C0-4E8C-BD6F-8A15619A954D} = {D1CA56F0-00C0-4E8C-BD6F-8A15619A954D}
		{4C79D798-FB54-4CD5-9067-9BDC8678478A} = {4C79D798-FB54-4CD5-9067-9BDC8678478A}
	EndProjectSection
EndProject
Project("{8BC9CEB8-8B4A-11D0-8D11-00A0C91BC942}") = "fsntfs_test_security_descriptor_values", "fsntfs_test_security_descriptor_values\fsntfs_test_security_descriptor_values.vcproj", "{23AA7603-07B4-42EF-9535-8BA4C156504E}"
	ProjectSection(ProjectDependencies) = postProject
		{D9725AED-6124-4225-AC2B-306A97F90607} = {D9725AED-6124-4225-AC2B-306A97F90607}
		{B3CAA0DA-B778-4B69-8537-3AF7F9984F51} = {B3CAA0DA-B778-4B69-8537-3AF7F9984F51}
		{5C1834B6-0BA9-4541-8770-D65A78F33958} = {5C1834B6-0BA9-4541-8770-D65A78F33958}
		{9DEDE9E5-79D9-41BF-B0E7-92F61D394BE2} = {9DEDE9E5-79D9-41BF-B0E7-92F61D394BE2}
		{8447CA5B-9D12-4DF0-B225-A25F4B288D2D} = {8447CA5B-9D12-4DF0-B225-A25F4B288D2D}
		{9D9A7FB3-B049-4E4C-835A-D2516DC2F076} = {9D9A7FB3-B049-4E4C-835A-D2516DC2F076}
		{5641B37B-7AE7-450A-A433-7B83C73BC878} = {5641B37B-7AE7-450A-A433-7B83C73BC878}
		{F0DFA3BB-B24D-4B3C-B3C2-9FB961D96395} = {F0DFA3BB-B24D-4B3C-B3C2-9FB961D96395}
		{F42C141B-BECB-4F9C-828B-8BA0DB2BF7E5} = {F42C141B-BECB-4F9C-828B-8BA0DB2BF7E5}
		{D1CA56F0-00C0-4E8C-BD6F-8A15619A954D} = {D1CA56F0-00C0-4E8C-BD6F-8A15619A954D}
		{4C79D798-FB54-4CD5-9067-9BDC8678478A} = {4C79D798-FB54-4CD5-9067-9BDC8678478A}
	EndProjectSection
EndProject
Project("{8BC9CEB8-8B4A-11D0-8D11-00A0C91BC942}") = "fsntfs_test_standard_information_values", "fsntfs_test_standard_information_values\fsntfs_test_standard_information_values.vcproj", "{18FA643E-04FF-49E0-BAF4-EAFDA60A492E}"
	ProjectSection(ProjectDependencies) = postProject
		{D1CA56F0-00C0-4E8C-BD6F-8A15619A954D} = {D1CA56F0-00C0-4E8C-BD6F-8A15619A954D}
		{4C79D798-FB54-4CD5-9067-9BDC8678478A} = {4C79D798-FB54-4CD5-9067-9BDC8678478A}
	EndProjectSection
EndProject
Project("{8BC9CEB8-8B4A-11D0-8D11-00A0C91BC942}") = "fsntfs_test_support", "fsntfs_test_support\fsntfs_test_support.vcproj", "{A3CAA91B-F202-4B5E-B11B-367E05C097DC}"
	ProjectSection(ProjectDependencies) = postProject
		{B3CAA0DA-B778-4B69-8537-3AF7F9984F51} = {B3CAA0DA-B778-4B69-8537-3AF7F9984F51}
		{5C1834B6-0BA9-4541-8770-D65A78F33958} = {5C1834B6-0BA9-4541-8770-D65A78F33958}
		{9DEDE9E5-79D9-41BF-B0E7-92F61D394BE2} = {9DEDE9E5-79D9-41BF-B0E7-92F61D394BE2}
		{8447CA5B-9D12-4DF0-B225-A25F4B288D2D} = {8447CA5B-9D12-4DF0-B225-A25F4B288D2D}
		{9D9A7FB3-B049-4E4C-835A-D2516DC2F076} = {9D9A7FB3-B049-4E4C-835A-D2516DC2F076}
		{5641B37B-7AE7-450A-A433-7B83C73BC878} = {5641B37B-7AE7-450A-A433-7B83C73BC878}
		{F0DFA3BB-B24D-4B3C-B3C2-9FB961D96395} = {F0DFA3BB-B24D-4B3C-B3C2-9FB961D96395}
		{F42C141B-BECB-4F9C-828B-8BA0DB2BF7E5} = {F42C141B-BECB-4F9C-828B-8BA0DB2BF7E5}
		{D1CA56F0-00C0-4E8C-BD6F-8A15619A954D} = {D1CA56F0-00C0-4E8C-BD6F-8A15619A954D}
		{4C79D798-FB54-4CD5-9067-9BDC8678478A} = {4C79D798-FB54-4CD5-9067-9BDC8678478A}
	EndProjectSection
EndProject
Project("{8BC9CEB8-8B4A-11D0-8D11-00A0C91BC942}") = "fsntfs_test_tools_bodyfile", "fsntfs_test_tools_bodyfile\fsntfs_test_tools_bodyfile.vcproj", "{92D81AA9-3090-4B66-966F-EE4CAA062A18}"
	ProjectSection(ProjectDependencies) = postProject
		{8447CA5B-9D12-4DF0-B225-A25F4B288D2D} = {8447CA5B-9D12-4DF0-B225-A25F4B288D2D}
		{D1CA56F0-00C0-4E8C-BD6F-8A15619A954D} = {D1CA56F0-00C0-4E8C-BD6F-8A15619A954D}
		{4C79D798-FB54-4CD5-9067-9BDC8678478A} = {4C79D798-FB54-4CD5-9067-9BDC8678478A}
	EndProjectSection
EndProject
Project("{8BC9CEB8-8B4A-11D0-8D11-00A0C91BC942}") = "fsntfs_test_tools_digest_hash", "fsntfs_test_tools_digest_hash\fsntfs_test_tools_digest_hash.vcproj", "{9BA6CBAE-1B19-41BE-9E46-0824CCD932E3}"
	ProjectSection(ProjectDependencies) = postProject
		{4C79D798-FB54-4CD5-9067-9BDC8678478A} = {4C79D798-FB54-4CD5-9067-9BDC8678478A}
	EndProjectSection
EndProject
Project("{8BC9CEB8-8B4A-11D0-8D11-00A0C91BC942}") = "fsntfs_test_tools_info_handle", "fsntfs_test_tools_info_handle\fsntfs_test_tools_info_handle.vcproj", "{60D0DC49-FB23-4356-B93B-3083D6C7870F}"
	ProjectSection(ProjectDependencies) = postProject
		{6BA13A4B-8361-474A-8055-3A9F2437C3AC} = {6BA13A4B-8361-474A-8055-3A9F2437C3AC}
		{1860A9F0-4E82-4808-B6F0-59625D118021} = {1860A9F0-4E82-4808-B6F0-59625D118021}
		{CEE2C1FC-7AB1-4833-8AFC-8E0AD60CDCC9} = {CEE2C1FC-7AB1-4833-8AFC-8E0AD60CDCC9}
		{AD1E9BC6-39CA-4913-8C16-15AD16F1BA78} = {AD1E9BC6-39CA-4913-8C16-15AD16F1BA78}
		{A95C47C2-8CFA-4BBB-BD66-3B198323B409} = {A95C47C2-8CFA-4BBB-BD66-3B198323B409}
		{B3CAA0DA-B778-4B69-8537-3AF7F9984F51} = {B3CAA0DA-B778-4B69-8537-3AF7F9984F51}
		{9DEDE9E5-79D9-41BF-B0E7-92F61D394BE2} = {9DEDE9E5-79D9-41BF-B0E7-92F61D394BE2}
		{8447CA5B-9D12-4DF0-B225-A25F4B288D2D} = {8447CA5B-9D12-4DF0-B225-A25F4B288D2D}
		{9D9A7FB3-B049-4E4C-835A-D2516DC2F076} = {9D9A7FB3-B049-4E4C-835A-D2516DC2F076}
		{5641B37B-7AE7-450A-A433-7B83C73BC878} = {5641B37B-7AE7-450A-A433-7B83C73BC878}
		{F0DFA3BB-B24D-4B3C-B3C2-9FB961D96395} = {F0DFA3BB-B24D-4B3C-B3C2-9FB961D96395}
		{F42C141B-BECB-4F9C-828B-8BA0DB2BF7E5} = {F42C141B-BECB-4F9C-828B-8BA0DB2BF7E5}
		{D1CA56F0-00C0-4E8C-BD6F-8A15619A954D} = {D1CA56F0-00C0-4E8C-BD6F-8A15619A954D}
		{4C79D798-FB54-4CD5-9067-9BDC8678478A} = {4C79D798-FB54-4CD5-9067-9BDC8678478A}
	EndProjectSection
EndProject
Project("{8BC9CEB8-8B4A-11D0-8D11-00A0C91BC942}") = "fsntfs_test_tools_mount_path_string", "fsntfs_test_tools_mount_path_string\fsntfs_test_tools_mount_path_string.vcproj", "{3F48737B-A8D7-418A-A448-40AFBAEA1733}"
	ProjectSection(ProjectDependencies) = postProject
		{8447CA5B-9D12-4DF0-B225-A25F4B288D2D} = {8447CA5B-9D12-4DF0-B225-A25F4B288D2D}
		{D1CA56F0-00C0-4E8C-BD6F-8A15619A954D} = {D1CA56F0-00C0-4E8C-BD6F-8A15619A954D}
		{4C79D798-FB54-4CD5-9067-9BDC8678478A} = {4C79D798-FB54-4CD5-9067-9BDC8678478A}
	EndProjectSection
EndProject
Project("{8BC9CEB8-8B4A-11D0-8D11-00A0C91BC942}") = "fsntfs_test_tools_output", "fsntfs_test_tools_output\fsntfs_test_tools_output.vcproj", "{71D59C5D-6E61-4132-B33D-F52524422CB1}"
	ProjectSection(ProjectDependencies) = postProject
		{D1CA56F0-00C0-4E8C-BD6F-8A15619A954D} = {D1CA56F0-00C0-4E8C-BD6F-8A15619A954D}
		{4C79D798-FB54-4CD5-9067-9BDC8678478A} = {4C79D798-FB54-4CD5-9067-9BDC8678478A}
	EndProjectSection
EndProject
Project("{8BC9CEB8-8B4A-11D0-8D11-00A0C91BC942}") = "fsntfs_test_tools_path_string", "fsntfs_test_tools_path_string\fsntfs_test_tools_path_string.vcproj", "{DCDE74CC-6ABD-4F0B-9289-C4B19ADA76E4}"
	ProjectSection(ProjectDependencies) = postProject
		{8447CA5B-9D12-4DF0-B225-A25F4B288D2D} = {8447CA5B-9D12-4DF0-B225-A25F4B288D2D}
		{D1CA56F0-00C0-4E8C-BD6F-8A15619A954D} = {D1CA56F0-00C0-4E8C-BD6F-8A15619A954D}
		{4C79D798-FB54-4CD5-9067-9BDC8678478A} = {4C79D798-FB54-4CD5-9067-9BDC8678478A}
	EndProjectSection
EndProject
Project("{8BC9CEB8-8B4A-11D0-8D11-00A0C91BC942}") = "fsntfs_test_tools_signal", "fsntfs_test_tools_signal\fsntfs_test_tools_signal.vcproj", "{DC6AD8F6-542A-48AC-8960-E62927C907FB}"
	ProjectSection(ProjectDependencies) = postProject
		{D1CA56F0-00C0-4E8C-BD6F-8A15619A954D} = {D1CA56F0-00C0-4E8C-BD6F-8A15619A954D}
		{4C79D798-FB54-4CD5-9067-9BDC8678478A} = {4C79D798-FB54-4CD5-9067-9BDC8678478A}
	EndProjectSection
EndProject
Project("{8BC9CEB8-8B4A-11D0-8D11-00A0C91BC942}") = "fsntfs_test_txf_data_values", "fsntfs_test_txf_data_values\fsntfs_test_txf_data_values.vcproj", "{1AFF43D1-88C8-44B6-A391-3CAA10B9E9CC}"
	ProjectSection(ProjectDependencies) = postProject
		{D1CA56F0-00C0-4E8C-BD6F-8A15619A954D} = {D1CA56F0-00C0-4E8C-BD6F-8A15619A954D}
		{4C79D798-FB54-4CD5-9067-9BDC8678478A} = {4C79D798-FB54-4CD5-9067-9BDC8678478A}
	EndProjectSection
EndProject
Project("{8BC9CEB8-8B4A-11D0-8D11-00A0C91BC942}") = "fsntfs_test_usn_change_journal", "fsntfs_test_usn_change_journal\fsntfs_test_usn_change_journal.vcproj", "{F2BB99F7-6BAB-4DC2-AF69-FCA14F085A9F}"
	ProjectSection(ProjectDependencies) = postProject
		{D1CA56F0-00C0-4E8C-BD6F-8A15619A954D} = {D1CA56F0-00C0-4E8C-BD6F-8A15619A954D}
		{4C79D798-FB54-4CD5-9067-9BDC8678478A} = {4C79D798-FB54-4CD5-9067-9BDC8678478A}
	EndProjectSection
EndProject
Project("{8BC9CEB8-8B4A-11D0-8D11-00A0C91BC942}") = "fsntfs_test_volume", "fsntfs_test_volume\fsntfs_test_volume.vcproj", "{B15D7487-46E8-4134-B095-DC601DD7F6C5}"
	ProjectSection(ProjectDependencies) = postProject
		{B3CAA0DA-B778-4B69-8537-3AF7F9984F51} = {B3CAA0DA-B778-4B69-8537-3AF7F9984F51}
		{5C1834B6-0BA9-4541-8770-D65A78F33958} = {5C1834B6-0BA9-4541-8770-D65A78F33958}
		{9DEDE9E5-79D9-41BF-B0E7-92F61D394BE2} = {9DEDE9E5-79D9-41BF-B0E7-92F61D394BE2}
		{8447CA5B-9D12-4DF0-B225-A25F4B288D2D} = {8447CA5B-9D12-4DF0-B225-A25F4B288D2D}
		{9D9A7FB3-B049-4E4C-835A-D2516DC2F076} = {9D9A7FB3-B049-4E4C-835A-D2516DC2F076}
		{5641B37B-7AE7-450A-A433-7B83C73BC878} = {5641B37B-7AE7-450A-A433-7B83C73BC878}
		{F0DFA3BB-B24D-4B3C-B3C2-9FB961D96395} = {F0DFA3BB-B24D-4B3C-B3C2-9FB961D96395}
		{F42C141B-BECB-4F9C-828B-8BA0DB2BF7E5} = {F42C141B-BECB-4F9C-828B-8BA0DB2BF7E5}
		{D1CA56F0-00C0-4E8C-BD6F-8A15619A954D} = {D1CA56F0-00C0-4E8C-BD6F-8A15619A954D}
		{4C79D798-FB54-4CD5-9067-9BDC8678478A} = {4C79D798-FB54-4CD5-9067-9BDC8678478A}
	EndProjectSection
EndProject
Project("{8BC9CEB8-8B4A-11D0-8D11-00A0C91BC942}") = "fsntfs_test_volume_header", "fsntfs_test_volume_header\fsntfs_test_volume_header.vcproj", "{568C781B-991A-4713-B035-C15BA84C13D1}"
	ProjectSection(ProjectDependencies) = postProject
		{B3CAA0DA-B778-4B69-8537-3AF7F9984F51} = {B3CAA0DA-B778-4B69-8537-3AF7F9984F51}
		{5C1834B6-0BA9-4541-8770-D65A78F33958} = {5C1834B6-0BA9-4541-8770-D65A78F33958}
		{9DEDE9E5-79D9-41BF-B0E7-92F61D394BE2} = {9DEDE9E5-79D9-41BF-B0E7-92F61D394BE2}
		{8447CA5B-9D12-4DF0-B225-A25F4B288D2D} = {8447CA5B-9D12-4DF0-B225-A25F4B288D2D}
		{9D9A7FB3-B049-4E4C-835A-D2516DC2F076} = {9D9A7FB3-B049-4E4C-835A-D2516DC2F076}
		{5641B37B-7AE7-450A-A433-7B83C73BC878} = {5641B37B-7AE7-450A-A433-7B83C73BC878}
		{F0DFA3BB-B24D-4B3C-B3C2-9FB961D96395} = {F0DFA3BB-B24D-4B3C-B3C2-9FB961D96395}
		{F42C141B-BECB-4F9C-828B-8BA0DB2BF7E5} = {F42C141B-BECB-4F9C-828B-8BA0DB2BF7E5}
		{D1CA56F0-00C0-4E8C-BD6F-8A15619A954D} = {D1CA56F0-00C0-4E8C-BD6F-8A15619A954D}
		{4C79D798-FB54-4CD5-9067-9BDC8678478A} = {4C79D798-FB54-4CD5-9067-9BDC8678478A}
	EndProjectSection
EndProject
Project("{8BC9CEB8-8B4A-11D0-8D11-00A0C91BC942}") = "fsntfs_test_volume_information_attribute", "fsntfs_test_volume_information_attribute\fsntfs_test_volume_information_attribute.vcproj", "{6F12D839-A7B1-4BEB-B249-B48BD7D374C7}"
	ProjectSection(ProjectDependencies) = postProject
		{D1CA56F0-00C0-4E8C-BD6F-8A15619A954D} = {D1CA56F0-00C0-4E8C-BD6F-8A15619A954D}
		{4C79D798-FB54-4CD5-9067-9BDC8678478A} = {4C79D798-FB54-4CD5-9067-9BDC8678478A}
	EndProjectSection
EndProject
Project("{8BC9CEB8-8B4A-11D0-8D11-00A0C91BC942}") = "fsntfs_test_volume_information_values", "fsntfs_test_volume_information_values\fsntfs_test_volume_information_values.vcproj", "{04F1B6AF-0358-4FD2-88F9-E609356E7097}"
	ProjectSection(ProjectDependencies) = postProject
		{D1CA56F0-00C0-4E8C-BD6F-8A15619A954D} = {D1CA56F0-00C0-4E8C-BD6F-8A15619A954D}
		{4C79D798-FB54-4CD5-9067-9BDC8678478A} = {4C79D798-FB54-4CD5-9067-9BDC8678478A}
	EndProjectSection
EndProject
Project("{8BC9CEB8-8B4A-11D0-8D11-00A0C91BC942}") = "fsntfs_test_volume_name_attribute", "fsntfs_test_volume_name_attribute\fsntfs_test_volume_name_attribute.vcproj", "{C5627F45-9745-4015-9E82-4CC28EE7278B}"
	ProjectSection(ProjectDependencies) = postProject
		{D1CA56F0-00C0-4E8C-BD6F-8A15619A954D} = {D1CA56F0-00C0-4E8C-BD6F-8A15619A954D}
		{4C79D798-FB54-4CD5-9067-9BDC8678478A} = {4C79D798-FB54-4CD5-9067-9BDC8678478A}
	EndProjectSection
EndProject
Project("{8BC9CEB8-8B4A-11D0-8D11-00A0C91BC942}") = "fsntfs_test_volume_name_values", "fsntfs_test_volume_name_values\fsntfs_test_volume_name_values.vcproj", "{3992C7C8-F4C6-4BAD-96FA-ED93C00BE24A}"
	ProjectSection(ProjectDependencies) = postProject
		{D1CA56F0-00C0-4E8C-BD6F-8A15619A954D} = {D1CA56F0-00C0-4E8C-BD6F-8A15619A954D}
		{4C79D798-FB54-4CD5-9067-9BDC8678478A} = {4C79D798-FB54-4CD5-9067-9BDC8678478A}
	EndProjectSection
EndProject
Project("{8BC9CEB8-8B4A-11D0-8D11-00A0C91BC942}") = "libclocale", "libclocale\libclocale.vcproj", "{F0DFA3BB-B24D-4B3C-B3C2-9FB961D96395}"
	ProjectSection(ProjectDependencies) = postProject
		{4C79D798-FB54-4CD5-9067-9BDC8678478A} = {4C79D798-FB54-4CD5-9067-9BDC8678478A}
	EndProjectSection
EndProject
Project("{8BC9CEB8-8B4A-11D0-8D11-00A0C91BC942}") = "libbfio", "libbfio\libbfio.vcproj", "{B3CAA0DA-B778-4B69-8537-3AF7F9984F51}"
	ProjectSection(ProjectDependencies) = postProject
		{4C79D798-FB54-4CD5-9067-9BDC8678478A} = {4C79D798-FB54-4CD5-9067-9BDC8678478A}
		{1EF7B932-7B1D-49DA-8D58-E9CF0101C1F7} = {1EF7B932-7B1D-49DA-8D58-E9CF0101C1F7}
		{F0DFA3BB-B24D-4B3C-B3C2-9FB961D96395} = {F0DFA3BB-B24D-4B3C-B3C2-9FB961D96395}
		{5641B37B-7AE7-450A-A433-7B83C73BC878} = {5641B37B-7AE7-450A-A433-7B83C73BC878}
		{F42C141B-BECB-4F9C-828B-8BA0DB2BF7E5} = {F42C141B-BECB-4F9C-828B-8BA0DB2BF7E5}
		{9D9A7FB3-B049-4E4C-835A-D2516DC2F076} = {9D9A7FB3-B049-4E4C-835A-D2516DC2F076}
		{9DEDE9E5-79D9-41BF-B0E7-92F61D394BE2} = {9DEDE9E5-79D9-41BF-B0E7-92F61D394BE2}
		{5C1834B6-0BA9-4541-8770-D65A78F33958} = {5C1834B6-0BA9-4541-8770-D65A78F33958}
		{8447CA5B-9D12-4DF0-B225-A25F4B288D2D} = {8447CA5B-9D12-4DF0-B225-A25F4B288D2D}
	EndProjectSection
EndProject
Project("{8BC9CEB8-8B4A-11D0-8D11-00A0C91BC942}") = "fsntfsinfo", "fsntfsinfo\fsntfsinfo.vcproj", "{856D95C9-F063-4613-B8E2-ECB6FC9AB6D3}"
	ProjectSection(ProjectDependencies) = postProject
		{6BA13A4B-8361-474A-8055-3A9F2437C3AC} = {6BA13A4B-8361-474A-8055-3A9F2437C3AC}
		{1860A9F0-4E82-4808-B6F0-59625D118021} = {1860A9F0-4E82-4808-B6F0-59625D118021}
		{CEE2C1FC-7AB1-4833-8AFC-8E0AD60CDCC9} = {CEE2C1FC-7AB1-4833-8AFC-8E0AD60CDCC9}
		{AD1E9BC6-39CA-4913-8C16-15AD16F1BA78} = {AD1E9BC6-39CA-4913-8C16-15AD16F1BA78}
		{A95C47C2-8CFA-4BBB-BD66-3B198323B409} = {A95C47C2-8CFA-4BBB-BD66-3B198323B409}
		{B3CAA0DA-B778-4B69-8537-3AF7F9984F51} = {B3CAA0DA-B778-4B69-8537-3AF7F9984F51}
		{5C1834B6-0BA9-4541-8770-D65A78F33958} = {5C1834B6-0BA9-4541-8770-D65A78F33958}
		{9DEDE9E5-79D9-41BF-B0E7-92F61D394BE2} = {9DEDE9E5-79D9-41BF-B0E7-92F61D394BE2}
		{8447CA5B-9D12-4DF0-B225-A25F4B288D2D} = {8447CA5B-9D12-4DF0-B225-A25F4B288D2D}
		{9D9A7FB3-B049-4E4C-835A-D2516DC2F076} = {9D9A7FB3-B049-4E4C-835A-D2516DC2F076}
		{5641B37B-7AE7-450A-A433-7B83C73BC878} = {5641B37B-7AE7-450A-A433-7B83C73BC878}
		{F0DFA3BB-B24D-4B3C-B3C2-9FB961D96395} = {F0DFA3BB-B24D-4B3C-B3C2-9FB961D96395}
		{F42C141B-BECB-4F9C-828B-8BA0DB2BF7E5} = {F42C141B-BECB-4F9C-828B-8BA0DB2BF7E5}
		{D1CA56F0-00C0-4E8C-BD6F-8A15619A954D} = {D1CA56F0-00C0-4E8C-BD6F-8A15619A954D}
		{4C79D798-FB54-4CD5-9067-9BDC8678478A} = {4C79D798-FB54-4CD5-9067-9BDC8678478A}
	EndProjectSection
EndProject
Project("{8BC9CEB8-8B4A-11D0-8D11-00A0C91BC942}") = "fsntfsmount", "fsntfsmount\fsntfsmount.vcproj", "{48BE6463-9726-40DA-AF2A-7F9E590C4B20}"
	ProjectSection(ProjectDependencies) = postProject
		{B3CAA0DA-B778-4B69-8537-3AF7F9984F51} = {B3CAA0DA-B778-4B69-8537-3AF7F9984F51}
		{5C1834B6-0BA9-4541-8770-D65A78F33958} = {5C1834B6-0BA9-4541-8770-D65A78F33958}
		{9DEDE9E5-79D9-41BF-B0E7-92F61D394BE2} = {9DEDE9E5-79D9-41BF-B0E7-92F61D394BE2}
		{8447CA5B-9D12-4DF0-B225-A25F4B288D2D} = {8447CA5B-9D12-4DF0-B225-A25F4B288D2D}
		{9D9A7FB3-B049-4E4C-835A-D2516DC2F076} = {9D9A7FB3-B049-4E4C-835A-D2516DC2F076}
		{5641B37B-7AE7-450A-A433-7B83C73BC878} = {5641B37B-7AE7-450A-A433-7B83C73BC878}
		{F0DFA3BB-B24D-4B3C-B3C2-9FB961D96395} = {F0DFA3BB-B24D-4B3C-B3C2-9FB961D96395}
		{F42C141B-BECB-4F9C-828B-8BA0DB2BF7E5} = {F42C141B-BECB-4F9C-828B-8BA0DB2BF7E5}
		{D1CA56F0-00C0-4E8C-BD6F-8A15619A954D} = {D1CA56F0-00C0-4E8C-BD6F-8A15619A954D}
		{4C79D798-FB54-4CD5-9067-9BDC8678478A} = {4C79D798-FB54-4CD5-9067-9BDC8678478A}
	EndProjectSection
EndProject
Project("{8BC9CEB8-8B4A-11D0-8D11-00A0C91BC942}") = "libfsntfs", "libfsntfs\libfsntfs.vcproj", "{D1CA56F0-00C0-4E8C-BD6F-8A15619A954D}"
	ProjectSection(ProjectDependencies) = postProject
		{4C79D798-FB54-4CD5-9067-9BDC8678478A} = {4C79D798-FB54-4CD5-9067-9BDC8678478A}
		{1EF7B932-7B1D-49DA-8D58-E9CF0101C1F7} = {1EF7B932-7B1D-49DA-8D58-E9CF0101C1F7}
		{F42C141B-BECB-4F9C-828B-8BA0DB2BF7E5} = {F42C141B-BECB-4F9C-828B-8BA0DB2BF7E5}
		{F0DFA3BB-B24D-4B3C-B3C2-9FB961D96395} = {F0DFA3BB-B24D-4B3C-B3C2-9FB961D96395}
		{5641B37B-7AE7-450A-A433-7B83C73BC878} = {5641B37B-7AE7-450A-A433-7B83C73BC878}
		{9D9A7FB3-B049-4E4C-835A-D2516DC2F076} = {9D9A7FB3-B049-4E4C-835A-D2516DC2F076}
		{8447CA5B-9D12-4DF0-B225-A25F4B288D2D} = {8447CA5B-9D12-4DF0-B225-A25F4B288D2D}
		{9DEDE9E5-79D9-41BF-B0E7-92F61D394BE2} = {9DEDE9E5-79D9-41BF-B0E7-92F61D394BE2}
		{5C1834B6-0BA9-4541-8770-D65A78F33958} = {5C1834B6-0BA9-4541-8770-D65A78F33958}
		{B3CAA0DA-B778-4B69-8537-3AF7F9984F51} = {B3CAA0DA-B778-4B69-8537-3AF7F9984F51}
		{D46D1213-A541-465A-B75B-B5BE4DF98CDB} = {D46D1213-A541-465A-B75B-B5BE4DF98CDB}
		{D9725AED-6124-4225-AC2B-306A97F90607} = {D9725AED-6124-4225-AC2B-306A97F90607}
		{A95C47C2-8CFA-4BBB-BD66-3B198323B409} = {A95C47C2-8CFA-4BBB-BD66-3B198323B409}
		{AD1E9BC6-39CA-4913-8C16-15AD16F1BA78} = {AD1E9BC6-39CA-4913-8C16-15AD16F1BA78}
		{1860A9F0-4E82-4808-B6F0-59625D118021} = {1860A9F0-4E82-4808-B6F0-59625D118021}
	EndProjectSection
EndProject
Project("{8BC9CEB8-8B4A-11D0-8D11-00A0C91BC942}") = "libfdatetime", "libfdatetime\libfdatetime.vcproj", "{A95C47C2-8CFA-4BBB-BD66-3B198323B409}"
	ProjectSection(ProjectDependencies) = postProject
		{4C79D798-FB54-4CD5-9067-9BDC8678478A} = {4C79D798-FB54-4CD5-9067-9BDC8678478A}
	EndProjectSection
EndProject
Project("{8BC9CEB8-8B4A-11D0-8D11-00A0C91BC942}") = "libcfile", "libcfile\libcfile.vcproj", "{9DEDE9E5-79D9-41BF-B0E7-92F61D394BE2}"
	ProjectSection(ProjectDependencies) = postProject
		{4C79D798-FB54-4CD5-9067-9BDC8678478A} = {4C79D798-FB54-4CD5-9067-9BDC8678478A}
		{F0DFA3BB-B24D-4B3C-B3C2-9FB961D96395} = {F0DFA3BB-B24D-4B3C-B3C2-9FB961D96395}
		{5641B37B-7AE7-450A-A433-7B83C73BC878} = {5641B37B-7AE7-450A-A433-7B83C73BC878}
		{8447CA5B-9D12-4DF0-B225-A25F4B288D2D} = {8447CA5B-9D12-4DF0-B225-A25F4B288D2D}
	EndProjectSection
EndProject
Project("{8BC9CEB8-8B4A-11D0-8D11-00A0C91BC942}") = "libfwnt", "libfwnt\libfwnt.vcproj", "{1860A9F0-4E82-4808-B6F0-59625D118021}"
	ProjectSection(ProjectDependencies) = postProject
		{4C79D798-FB54-4CD5-9067-9BDC8678478A} = {4C79D798-FB54-4CD5-9067-9BDC8678478A}
		{1EF7B932-7B1D-49DA-8D58-E9CF0101C1F7} = {1EF7B932-7B1D-49DA-8D58-E9CF0101C1F7}
		{F42C141B-BECB-4F9C-828B-8BA0DB2BF7E5} = {F42C141B-BECB-4F9C-828B-8BA0DB2BF7E5}
		{5641B37B-7AE7-450A-A433-7B83C73BC878} = {5641B37B-7AE7-450A-A433-7B83C73BC878}
	EndProjectSection
EndProject
Project("{8BC9CEB8-8B4A-11D0-8D11-00A0C91BC942}") = "libcthreads", "libcthreads\libcthreads.vcproj", "{1EF7B932-7B1D-49DA-8D58-E9CF0101C1F7}"
	ProjectSection(ProjectDependencies) = postProject
		{4C79D798-FB54-4CD5-9067-9BDC8678478A} = {4C79D798-FB54-4CD5-9067-9BDC8678478A}
	EndProjectSection
EndProject
Project("{8BC9CEB8-8B4A-11D0-8D11-00A0C91BC942}") = "pyfsntfs", "pyfsntfs\pyfsntfs.vcproj", "{7EC7E241-8C9E-40DC-8BF5-78FC90CEA990}"
	ProjectSection(ProjectDependencies) = postProject
		{4C79D798-FB54-4CD5-9067-9BDC8678478A} = {4C79D798-FB54-4CD5-9067-9BDC8678478A}
		{D1CA56F0-00C0-4E8C-BD6F-8A15619A954D} = {D1CA56F0-00C0-4E8C-BD6F-8A15619A954D}
		{F42C141B-BECB-4F9C-828B-8BA0DB2BF7E5} = {F42C141B-BECB-4F9C-828B-8BA0DB2BF7E5}
		{F0DFA3BB-B24D-4B3C-B3C2-9FB961D96395} = {F0DFA3BB-B24D-4B3C-B3C2-9FB961D96395}
		{9D9A7FB3-B049-4E4C-835A-D2516DC2F076} = {9D9A7FB3-B049-4E4C-835A-D2516DC2F076}
		{8447CA5B-9D12-4DF0-B225-A25F4B288D2D} = {8447CA5B-9D12-4DF0-B225-A25F4B288D2D}
		{9DEDE9E5-79D9-41BF-B0E7-92F61D394BE2} = {9DEDE9E5-79D9-41BF-B0E7-92F61D394BE2}
		{5C1834B6-0BA9-4541-8770-D65A78F33958} = {5C1834B6-0BA9-4541-8770-D65A78F33958}
		{B3CAA0DA-B778-4B69-8537-3AF7F9984F51} = {B3CAA0DA-B778-4B69-8537-3AF7F9984F51}
		{AD1E9BC6-39CA-4913-8C16-15AD16F1BA78} = {AD1E9BC6-39CA-4913-8C16-15AD16F1BA78}
	EndProjectSection
EndProject
Project("{8BC9CEB8-8B4A-11D0-8D11-00A0C91BC942}") = "libcpath", "libcpath\libcpath.vcproj", "{5C1834B6-0BA9-4541-8770-D65A78F33958}"
	ProjectSection(ProjectDependencies) = postProject
		{4C79D798-FB54-4CD5-9067-9BDC8678478A} = {4C79D798-FB54-4CD5-9067-9BDC8678478A}
		{F0DFA3BB-B24D-4B3C-B3C2-9FB961D96395} = {F0DFA3BB-B24D-4B3C-B3C2-9FB961D96395}
		{9D9A7FB3-B049-4E4C-835A-D2516DC2F076} = {9D9A7FB3-B049-4E4C-835A-D2516DC2F076}
		{8447CA5B-9D12-4DF0-B225-A25F4B288D2D} = {8447CA5B-9D12-4DF0-B225-A25F4B288D2D}
	EndProjectSection
EndProject
Project("{8BC9CEB8-8B4A-11D0-8D11-00A0C91BC942}") = "libfusn", "libfusn\libfusn.vcproj", "{CEE2C1FC-7AB1-4833-8AFC-8E0AD60CDCC9}"
	ProjectSection(ProjectDependencies) = postProject
		{4C79D798-FB54-4CD5-9067-9BDC8678478A} = {4C79D798-FB54-4CD5-9067-9BDC8678478A}
		{5641B37B-7AE7-450A-A433-7B83C73BC878} = {5641B37B-7AE7-450A-A433-7B83C73BC878}
		{8447CA5B-9D12-4DF0-B225-A25F4B288D2D} = {8447CA5B-9D12-4DF0-B225-A25F4B288D2D}
		{A95C47C2-8CFA-4BBB-BD66-3B198323B409} = {A95C47C2-8CFA-4BBB-BD66-3B198323B409}
	EndProjectSection
EndProject
Project("{8BC9CEB8-8B4A-11D0-8D11-00A0C91BC942}") = "libhmac", "libhmac\libhmac.vcproj", "{6BA13A4B-8361-474A-8055-3A9F2437C3AC}"
	ProjectSection(ProjectDependencies) = postProject
		{4C79D798-FB54-4CD5-9067-9BDC8678478A} = {4C79D798-FB54-4CD5-9067-9BDC8678478A}
	EndProjectSection
EndProject
Project("{8BC9CEB8-8B4A-11D0-8D11-00A0C91BC942}") = "libuna", "libuna\libuna.vcproj", "{8447CA5B-9D12-4DF0-B225-A25F4B288D2D}"
	ProjectSection(ProjectDependencies) = postProject
		{4C79D798-FB54-4CD5-9067-9BDC8678478A} = {4C79D798-FB54-4CD5-9067-9BDC8678478A}
	EndProjectSection
EndProject
Project("{8BC9CEB8-8B4A-11D0-8D11-00A0C91BC942}") = "libcerror", "libcerror\libcerror.vcproj", "{4C79D798-FB54-4CD5-9067-9BDC8678478A}"
EndProject
Project("{8BC9CEB8-8B4A-11D0-8D11-00A0C91BC942}") = "libcnotify", "libcnotify\libcnotify.vcproj", "{5641B37B-7AE7-450A-A433-7B83C73BC878}"
	ProjectSection(ProjectDependencies) = postProject
		{4C79D798-FB54-4CD5-9067-9BDC8678478A} = {4C79D798-FB54-4CD5-9067-9BDC8678478A}
	EndProjectSection
EndProject
Project("{8BC9CEB8-8B4A-11D0-8D11-00A0C91BC942}") = "libfdata", "libfdata\libfdata.vcproj", "{D9725AED-6124-4225-AC2B-306A97F90607}"
	ProjectSection(ProjectDependencies) = postProject
		{4C79D798-FB54-4CD5-9067-9BDC8678478A} = {4C79D798-FB54-4CD5-9067-9BDC8678478A}
		{1EF7B932-7B1D-49DA-8D58-E9CF0101C1F7} = {1EF7B932-7B1D-49DA-8D58-E9CF0101C1F7}
		{F42C141B-BECB-4F9C-828B-8BA0DB2BF7E5} = {F42C141B-BECB-4F9C-828B-8BA0DB2BF7E5}
		{5641B37B-7AE7-450A-A433-7B83C73BC878} = {5641B37B-7AE7-450A-A433-7B83C73BC878}
		{D46D1213-A541-465A-B75B-B5BE4DF98CDB} = {D46D1213-A541-465A-B75B-B5BE4DF98CDB}
	EndProjectSection
EndProject
Project("{8BC9CEB8-8B4A-11D0-8D11-00A0C91BC942}") = "libcdata", "libcdata\libcdata.vcproj", "{F42C141B-BECB-4F9C-828B-8BA0DB2BF7E5}"
	ProjectSection(ProjectDependencies) = postProject
		{4C79D798-FB54-4CD5-9067-9BDC8678478A} = {4C79D798-FB54-4CD5-9067-9BDC8678478A}
		{1EF7B932-7B1D-49DA-8D58-E9CF0101C1F7} = {1EF7B932-7B1D-49DA-8D58-E9CF0101C1F7}
	EndProjectSection
EndProject
Project("{8BC9CEB8-8B4A-11D0-8D11-00A0C91BC942}") = "libcsplit", "libcsplit\libcsplit.vcproj", "{9D9A7FB3-B049-4E4C-835A-D2516DC2F076}"
	ProjectSection(ProjectDependencies) = postProject
		{4C79D798-FB54-4CD5-9067-9BDC8678478A} = {4C79D798-FB54-4CD5-9067-9BDC8678478A}
	EndProjectSection
EndProject
Global
	GlobalSection(SolutionConfigurationPlatforms) = preSolution
		Release|Win32 = Release|Win32
		VSDebug|Win32 = VSDebug|Win32
	EndGlobalSection
	GlobalSection(ProjectConfigurationPlatforms) = postSolution
		{D46D1213-A541-465A-B75B-B5BE4DF98CDB}.Release|Win32.ActiveCfg = Release|Win32
		{D46D1213-A541-465A-B75B-B5BE4DF98CDB}.Release|Win32.Build.0 = Release|Win32
		{D46D1213-A541-465A-B75B-B5BE4DF98CDB}.VSDebug|Win32.ActiveCfg = VSDebug|Win32
		{D46D1213-A541-465A-B75B-B5BE4DF98CDB}.VSDebug|Win32.Build.0 = VSDebug|Win32
		{AD1E9BC6-39CA-4913-8C16-15AD16F1BA78}.Release|Win32.ActiveCfg = Release|Win32
		{AD1E9BC6-39CA-4913-8C16-15AD16F1BA78}.Release|Win32.Build.0 = Release|Win32
		{AD1E9BC6-39CA-4913-8C16-15AD16F1BA78}.VSDebug|Win32.ActiveCfg = VSDebug|Win32
		{AD1E9BC6-39CA-4913-8C16-15AD16F1BA78}.VSDebug|Win32.Build.0 = VSDebug|Win32
		{14362056-DE51-456D-A0BA-1D4C346D8DF5}.Release|Win32.ActiveCfg = Release|Win32
		{14362056-DE51-456D-A0BA-1D4C346D8DF5}.Release|Win32.Build.0 = Release|Win32
		{14362056-DE51-456D-A0BA-1D4C346D8DF5}.VSDebug|Win32.ActiveCfg = VSDebug|Win32
		{14362056-DE51-456D-A0BA-1D4C346D8DF5}.VSDebug|Win32.Build.0 = VSDebug|Win32
		{9EE2BE40-B6A0-46C9-8AE9-B2B3DE079C44}.Release|Win32.ActiveCfg = Release|Win32
		{9EE2BE40-B6A0-46C9-8AE9-B2B3DE079C44}.Release|Win32.Build.0 = Release|Win32
		{9EE2BE40-B6A0-46C9-8AE9-B2B3DE079C44}.VSDebug|Win32.ActiveCfg = VSDebug|Win32
		{9EE2BE40-B6A0-46C9-8AE9-B2B3DE079C44}.VSDebug|Win32.Build.0 = VSDebug|Win32
		{5AA63F16-3E2F-4570-B618-1940C0C0A9DD}.Release|Win32.ActiveCfg = Release|Win32
		{5AA63F16-3E2F-4570-B618-1940C0C0A9DD}.Release|Win32.Build.0 = Release|Win32
		{5AA63F16-3E2F-4570-B618-1940C0C0A9DD}.VSDebug|Win32.ActiveCfg = VSDebug|Win32
		{5AA63F16-3E2F-4570-B618-1940C0C0A9DD}.VSDebug|Win32.Build.0 = VSDebug|Win32
		{9F4E16E9-E314-4807-B923-4E1B5DD97275}.Release|Win32.ActiveCfg = Release|Win32
		{9F4E16E9-E314-4807-B923-4E1B5DD97275}.Release|Win32.Build.0 = Release|Win32
		{9F4E16E9-E314-4807-B923-4E1B5DD97275}.VSDebug|Win32.ActiveCfg = VSDebug|Win32
		{9F4E16E9-E314-4807-B923-4E1B5DD97275}.VSDebug|Win32.Build.0 = VSDebug|Win32
		{1A1FAFF8-A1FE-4D75-BB39-3913E5ED5834}.Release|Win32.ActiveCfg = Release|Win32
		{1A1FAFF8-A1FE-4D75-BB39-3913E5ED5834}.Release|Win32.Build.0 = Release|Win32
		{1A1FAFF8-A1FE-4D75-BB39-3913E5ED5834}.VSDebug|Win32.ActiveCfg = VSDebug|Win32
		{1A1FAFF8-A1FE-4D75-BB39-3913E5ED5834}.VSDebug|Win32.Build.0 = VSDebug|Win32
		{DB4FE956-0D15-47B3-89B4-2049D90A9FAC}.Release|Win32.ActiveCfg = Release|Win32
		{DB4FE956-0D15-47B3-89B4-2049D90A9FAC}.Release|Win32.Build.0 = Release|Win32
		{DB4FE956-0D15-47B3-89B4-2049D90A9FAC}.VSDebug|Win32.ActiveCfg = VSDebug|Win32
		{DB4FE956-0D15-47B3-89B4-2049D90A9FAC}.VSDebug|Win32.Build.0 = VSDebug|Win32
		{7075C461-7EE0-4BBB-BE45-4CA4D58CE945}.Release|Win32.ActiveCfg = Release|Win32
		{7075C461-7EE0-4BBB-BE45-4CA4D58CE945}.Release|Win32.Build.0 = Release|Win32
		{7075C461-7EE0-4BBB-BE45-4CA4D58CE945}.VSDebug|Win32.ActiveCfg = VSDebug|Win32
		{7075C461-7EE0-4BBB-BE45-4CA4D58CE945}.VSDebug|Win32.Build.0 = VSDebug|Win32
		{8DC89DA4-6CA8-421D-989F-E2F3A7F220F1}.Release|Win32.ActiveCfg = Release|Win32
		{8DC89DA4-6CA8-421D-989F-E2F3A7F220F1}.Release|Win32.Build.0 = Release|Win32
		{8DC89DA4-6CA8-421D-989F-E2F3A7F220F1}.VSDebug|Win32.ActiveCfg = VSDebug|Win32
		{8DC89DA4-6CA8-421D-989F-E2F3A7F220F1}.VSDebug|Win32.Build.0 = VSDebug|Win32
		{86801698-77FD-435B-8E13-1648210DEB78}.Release|Win32.ActiveCfg = Release|Win32
		{86801698-77FD-435B-8E13-1648210DEB78}.Release|Win32.Build.0 = Release|Win32
		{86801698-77FD-435B-8E13-1648210DEB78}.VSDebug|Win32.ActiveCfg = VSDebug|Win32
		{86801698-77FD-435B-8E13-1648210DEB78}.VSDebug|Win32.Build.0 = VSDebug|Win32
		{927EAE6C-E105-4D54-9EB2-CEED9DF847EA}.Release|Win32.ActiveCfg = Release|Win32
		{927EAE6C-E105-4D54-9EB2-CEED9DF847EA}.Release|Win32.Build.0 = Release|Win32
		{927EAE6C-E105-4D54-9EB2-CEED9DF847EA}.VSDebug|Win32.ActiveCfg = VSDebug|Win32
		{927EAE6C-E105-4D54-9EB2-CEED9DF847EA}.VSDebug|Win32.Build.0 = VSDebug|Win32
		{CF9B84E8-2B48-44DF-8669-EFC0E3449277}.Release|Win32.ActiveCfg = Release|Win32
		{CF9B84E8-2B48-44DF-8669-EFC0E3449277}.Release|Win32.Build.0 = Release|Win32
		{CF9B84E8-2B48-44DF-8669-EFC0E3449277}.VSDebug|Win32.ActiveCfg = VSDebug|Win32
		{CF9B84E8-2B48-44DF-8669-EFC0E3449277}.VSDebug|Win32.Build.0 = VSDebug|Win32
		{B54DE37F-756A-4AA6-B433-37EE73615DC8}.Release|Win32.ActiveCfg = Release|Win32
		{B54DE37F-756A-4AA6-B433-37EE73615DC8}.Release|Win32.Build.0 = Release|Win32
		{B54DE37F-756A-4AA6-B433-37EE73615DC8}.VSDebug|Win32.ActiveCfg = VSDebug|Win32
		{B54DE37F-756A-4AA6-B433-37EE73615DC8}.VSDebug|Win32.Build.0 = VSDebug|Win32
		{0D77DCAA-02A7-4D35-8823-96BA88A7B132}.Release|Win32.ActiveCfg = Release|Win32
		{0D77DCAA-02A7-4D35-8823-96BA88A7B132}.Release|Win32.Build.0 = Release|Win32
		{0D77DCAA-02A7-4D35-8823-96BA88A7B132}.VSDebug|Win32.ActiveCfg = VSDebug|Win32
		{0D77DCAA-02A7-4D35-8823-96BA88A7B132}.VSDebug|Win32.Build.0 = VSDebug|Win32
		{5D487897-C716-451D-839D-F9822EF149F4}.Release|Win32.ActiveCfg = Release|Win32
		{5D487897-C716-451D-839D-F9822EF149F4}.Release|Win32.Build.0 = Release|Win32
		{5D487897-C716-451D-839D-F9822EF149F4}.VSDebug|Win32.ActiveCfg = VSDebug|Win32
		{5D487897-C716-451D-839D-F9822EF149F4}.VSDebug|Win32.Build.0 = VSDebug|Win32
		{75B4E5D6-E008-4EE6-84A7-23A9F0C6F365}.Release|Win32.ActiveCfg = Release|Win32
		{75B4E5D6-E008-4EE6-84A7-23A9F0C6F365}.Release|Win32.Build.0 = Release|Win32
		{75B4E5D6-E008-4EE6-84A7-23A9F0C6F365}.VSDebug|Win32.ActiveCfg = VSDebug|Win32
		{75B4E5D6-E008-4EE6-84A7-23A9F0C6F365}.VSDebug|Win32.Build.0 = VSDebug|Win32
		{897B0517-4405-4BE7-960B-8FD8CFC1F632}.Release|Win32.ActiveCfg = Release|Win32
		{897B0517-4405-4BE7-960B-8FD8CFC1F632}.Release|Win32.Build.0 = Release|Win32
		{897B0517-4405-4BE7-960B-8FD8CFC1F632}.VSDebug|Win32.ActiveCfg = VSDebug|Win32
		{897B0517-4405-4BE7-960B-8FD8CFC1F632}.VSDebug|Win32.Build.0 = VSDebug|Win32
		{366722BE-D632-4011-A62D-21DA660F5266}.Release|Win32.ActiveCfg = Release|Win32
		{366722BE-D632-4011-A62D-21DA660F5266}.Release|Win32.Build.0 = Release|Win32
		{366722BE-D632-4011-A62D-21DA660F5266}.VSDebug|Win32.ActiveCfg = VSDebug|Win32
		{366722BE-D632-4011-A62D-21DA660F5266}.VSDebug|Win32.Build.0 = VSDebug|Win32
		{5336D7B9-8E2D-4309-A78B-B82C5A9535B0}.Release|Win32.ActiveCfg = Release|Win32
		{5336D7B9-8E2D-4309-A78B-B82C5A9535B0}.Release|Win32.Build.0 = Release|Win32
		{5336D7B9-8E2D-4309-A78B-B82C5A9535B0}.VSDebug|Win32.ActiveCfg = VSDebug|Win32
		{5336D7B9-8E2D-4309-A78B-B82C5A9535B0}.VSDebug|Win32.Build.0 = VSDebug|Win32
		{872A52AC-56B8-4A03-998A-E991ABBB16CD}.Release|Win32.ActiveCfg = Release|Win32
		{872A52AC-56B8-4A03-998A-E991ABBB16CD}.Release|Win32.Build.0 = Release|Win32
		{872A52AC-56B8-4A03-998A-E991ABBB16CD}.VSDebug|Win32.ActiveCfg = VSDebug|Win32
		{872A52AC-56B8-4A03-998A-E991ABBB16CD}.VSDebug|Win32.Build.0 = VSDebug|Win32
		{E70D7EBE-951C-4C94-845E-44766CED4367}.Release|Win32.ActiveCfg = Release|Win32
		{E70D7EBE-951C-4C94-845E-44766CED4367}.Release|Win32.Build.0 = Release|Win32
		{E70D7EBE-951C-4C94-845E-44766CED4367}.VSDebug|Win32.ActiveCfg = VSDebug|Win32
		{E70D7EBE-951C-4C94-845E-44766CED4367}.VSDebug|Win32.Build.0 = VSDebug|Win32
		{CEDB7153-D51D-4A20-B268-816AC7F79D85}.Release|Win32.ActiveCfg = Release|Win32
		{CEDB7153-D51D-4A20-B268-816AC7F79D85}.Release|Win32.Build.0 = Release|Win32
		{CEDB7153-D51D-4A20-B268-816AC7F79D85}.VSDebug|Win32.ActiveCfg = VSDebug|Win32
		{CEDB7153-D51D-4A20-B268-816AC7F79D85}.VSDebug|Win32.Build.0 = VSDebug|Win32
		{2DD0CA8E-CB50-4F0C-BAD1-67041D6912CC}.Release|Win32.ActiveCfg = Release|Win32
		{2DD0CA8E-CB50-4F0C-BAD1-67041D6912CC}.Release|Win32.Build.0 = Release|Win32
		{2DD0CA8E-CB50-4F0C-BAD1-67041D6912CC}.VSDebug|Win32.ActiveCfg = VSDebug|Win32
		{2DD0CA8E-CB50-4F0C-BAD1-67041D6912CC}.VSDebug|Win32.Build.0 = VSDebug|Win32
		{2BB976E5-C6A6-4EFA-9112-C11FB1088136}.Release|Win32.ActiveCfg = Release|Win32
		{2BB976E5-C6A6-4EFA-9112-C11FB1088136}.Release|Win32.Build.0 = Release|Win32
		{2BB976E5-C6A6-4EFA-9112-C11FB1088136}.VSDebug|Win32.ActiveCfg = VSDebug|Win32
		{2BB976E5-C6A6-4EFA-9112-C11FB1088136}.VSDebug|Win32.Build.0 = VSDebug|Win32
		{4E267E4B-4F7C-4031-B8A3-D023803D6822}.Release|Win32.ActiveCfg = Release|Win32
		{4E267E4B-4F7C-4031-B8A3-D023803D6822}.Release|Win32.Build.0 = Release|Win32
		{4E267E4B-4F7C-4031-B8A3-D023803D6822}.VSDebug|Win32.ActiveCfg = VSDebug|Win32
		{4E267E4B-4F7C-4031-B8A3-D023803D6822}.VSDebug|Win32.Build.0 = VSDebug|Win32
		{F09A00EE-2E4A-4E6A-90F4-9501DAAC5262}.Release|Win32.ActiveCfg = Release|Win32
		{F09A00EE-2E4A-4E6A-90F4-9501DAAC5262}.Release|Win32.Build.0 = Release|Win32
		{F09A00EE-2E4A-4E6A-90F4-9501DAAC5262}.VSDebug|Win32.ActiveCfg = VSDebug|Win32
		{F09A00EE-2E4A-4E6A-90F4-9501DAAC5262}.VSDebug|Win32.Build.0 = VSDebug|Win32
		{8D5F07FD-41A4-4755-8BEF-E56AAD7AFD64}.Release|Win32.ActiveCfg = Release|Win32
		{8D5F07FD-41A4-4755-8BEF-E56AAD7AFD64}.Release|Win32.Build.0 = Release|Win32
		{8D5F07FD-41A4-4755-8BEF-E56AAD7AFD64}.VSDebug|Win32.ActiveCfg = VSDebug|Win32
		{8D5F07FD-41A4-4755-8BEF-E56AAD7AFD64}.VSDebug|Win32.Build.0 = VSDebug|Win32
		{BA6DC222-C14D-40D2-B2EF-A99EE46CF530}.Release|Win32.ActiveCfg = Release|Win32
		{BA6DC222-C14D-40D2-B2EF-A99EE46CF530}.Release|Win32.Build.0 = Release|Win32
		{BA6DC222-C14D-40D2-B2EF-A99EE46CF530}.VSDebug|Win32.ActiveCfg = VSDebug|Win32
		{BA6DC222-C14D-40D2-B2EF-A99EE46CF530}.VSDebug|Win32.Build.0 = VSDebug|Win32
		{5F5EFDC4-BB68-493C-B4CB-44C82892090C}.Release|Win32.ActiveCfg = Release|Win32
		{5F5EFDC4-BB68-493C-B4CB-44C82892090C}.Release|Win32.Build.0 = Release|Win32
		{5F5EFDC4-BB68-493C-B4CB-44C82892090C}.VSDebug|Win32.ActiveCfg = VSDebug|Win32
		{5F5EFDC4-BB68-493C-B4CB-44C82892090C}.VSDebug|Win32.Build.0 = VSDebug|Win32
		{D5B437A3-9C0B-433C-9BD6-0D3B1FA4EDDB}.Release|Win32.ActiveCfg = Release|Win32
		{D5B437A3-9C0B-433C-9BD6-0D3B1FA4EDDB}.Release|Win32.Build.0 = Release|Win32
		{D5B437A3-9C0B-433C-9BD6-0D3B1FA4EDDB}.VSDebug|Win32.ActiveCfg = VSDebug|Win32
		{D5B437A3-9C0B-433C-9BD6-0D3B1FA4EDDB}.VSDebug|Win32.Build.0 = VSDebug|Win32
		{60828C47-8A89-42DA-98CB-6775272A2FDC}.Release|Win32.ActiveCfg = Release|Win32
		{60828C47-8A89-42DA-98CB-6775272A2FDC}.Release|Win32.Build.0 = Release|Win32
		{60828C47-8A89-42DA-98CB-6775272A2FDC}.VSDebug|Win32.ActiveCfg = VSDebug|Win32
		{60828C47-8A89-42DA-98CB-6775272A2FDC}.VSDebug|Win32.Build.0 = VSDebug|Win32
		{85D3991B-8695-4DC7-A7BB-E88EB1E150D1}.Release|Win32.ActiveCfg = Release|Win32
		{85D3991B-8695-4DC7-A7BB-E88EB1E150D1}.Release|Win32.Build.0 = Release|Win32
		{85D3991B-8695-4DC7-A7BB-E88EB1E150D1}.VSDebug|Win32.ActiveCfg = VSDebug|Win32
		{85D3991B-8695-4DC7-A7BB-E88EB1E150D1}.VSDebug|Win32.Build.0 = VSDebug|Win32
		{83A76DAD-2982-4A72-84B8-A355112A4A23}.Release|Win32.ActiveCfg = Release|Win32
		{83A76DAD-2982-4A72-84B8-A355112A4A23}.Release|Win32.Build.0 = Release|Win32
		{83A76DAD-2982-4A72-84B8-A355112A4A23}.VSDebug|Win32.ActiveCfg = VSDebug|Win32
		{83A76DAD-2982-4A72-84B8-A355112A4A23}.VSDebug|Win32.Build.0 = VSDebug|Win32
		{E6F1AE28-F1A0-423C-8810-0B5051E27384}.Release|Win32.ActiveCfg = Release|Win32
		{E6F1AE28-F1A0-423C-8810-0B5051E27384}.Release|Win32.Build.0 = Release|Win32
		{E6F1AE28-F1A0-423C-8810-0B5051E27384}.VSDebug|Win32.ActiveCfg = VSDebug|Win32
		{E6F1AE28-F1A0-423C-8810-0B5051E27384}.VSDebug|Win32.Build.0 = VSDebug|Win32
		{A62A34CD-C110-49D8-A4D6-9047A82856CE}.Release|Win32.ActiveCfg = Release|Win32
		{A62A34CD-C110-49D8-A4D6-9047A82856CE}.Release|Win32.Build.0 = Release|Win32
		{A62A34CD-C110-49D8-A4D6-9047A82856CE}.VSDebug|Win32.ActiveCfg = VSDebug|Win32
		{A62A34CD-C110-49D8-A4D6-9047A82856CE}.VSDebug|Win32.Build.0 = VSDebug|Win32
		{B2142A8D-EB4B-40A7-9C59-472E5F4DF792}.Release|Win32.ActiveCfg = Release|Win32
		{B2142A8D-EB4B-40A7-9C59-472E5F4DF792}.Release|Win32.Build.0 = Release|Win32
		{B2142A8D-EB4B-40A7-9C59-472E5F4DF792}.VSDebug|Win32.ActiveCfg = VSDebug|Win32
		{B2142A8D-EB4B-40A7-9C59-472E5F4DF792}.VSDebug|Win32.Build.0 = VSDebug|Win32
		{8C4AE295-DF4B-48D6-9297-C86AB0C80DE9}.Release|Win32.ActiveCfg = Release|Win32
		{8C4AE295-DF4B-48D6-9297-C86AB0C80DE9}.Release|Win32.Build.0 = Release|Win32
		{8C4AE295-DF4B-48D6-9297-C86AB0C80DE9}.VSDebug|Win32.ActiveCfg = VSDebug|Win32
		{8C4AE295-DF4B-48D6-9297-C86AB0C80DE9}.VSDebug|Win32.Build.0 = VSDebug|Win32
		{A3F12C14-08FF-412C-806B-8258A444B134}.Release|Win32.ActiveCfg = Release|Win32
		{A3F12C14-08FF-412C-806B-8258A444B134}.Release|Win32.Build.0 = Release|Win32
		{A3F12C14-08FF-412C-806B-8258A444B134}.VSDebug|Win32.ActiveCfg = VSDebug|Win32
		{A3F12C14-08FF-412C-806B-8258A444B134}.VSDebug|Win32.Build.0 = VSDebug|Win32
		{33B72873-D87D-480A-8371-3334AEE49B6C}.Release|Win32.ActiveCfg = Release|Win32
		{33B72873-D87D-480A-8371-3334AEE49B6C}.Release|Win32.Build.0 = Release|Win32
		{33B72873-D87D-480A-8371-3334AEE49B6C}.VSDebug|Win32.ActiveCfg = VSDebug|Win32
		{33B72873-D87D-480A-8371-3334AEE49B6C}.VSDebug|Win32.Build.0 = VSDebug|Win32
		{160C2657-FEEE-45BC-959F-D68E6B07F619}.Release|Win32.ActiveCfg = Release|Win32
		{160C2657-FEEE-45BC-959F-D68E6B07F619}.Release|Win32.Build.0 = Release|Win32
		{160C2657-FEEE-45BC-959F-D68E6B07F619}.VSDebug|Win32.ActiveCfg = VSDebug|Win32
		{160C2657-FEEE-45BC-959F-D68E6B07F619}.VSDebug|Win32.Build.0 = VSDebug|Win32
		{4D7E70CE-57AD-430F-8387-BB518D767BD2}.Release|Win32.ActiveCfg = Release|Win32
		{4D7E70CE-57AD-430F-8387-BB518D767BD2}.Release|Win32.Build.0 = Release|Win32
		{4D7E70CE-57AD-430F-8387-BB518D767BD2}.VSDebug|Win32.ActiveCfg = VSDebug|Win32
		{4D7E70CE-57AD-430F-8387-BB518D767BD2}.VSDebug|Win32.Build.0 = VSDebug|Win32
		{59700D23-BA81-4639-8F02-3F609FAB22EF}.Release|Win32.ActiveCfg = Release|Win32
		{59700D23-BA81-4639-8F02-3F609FAB22EF}.Release|Win32.Build.0 = Release|Win32
		{59700D23-BA81-4639-8F02-3F609FAB22EF}.VSDebug|Win32.ActiveCfg = VSDebug|Win32
		{59700D23-BA81-4639-8F02-3F609FAB22EF}.VSDebug|Win32.Build.0 = VSDebug|Win32
		{66977E3C-C885-454C-B1D7-67A232096535}.Release|Win32.ActiveCfg = Release|Win32
		{66977E3C-C885-454C-B1D7-67A232096535}.Release|Win32.Build.0 = Release|Win32
		{66977E3C-C885-454C-B1D7-67A232096535}.VSDebug|Win32.ActiveCfg = VSDebug|Win32
		{66977E3C-C885-454C-B1D7-67A232096535}.VSDebug|Win32.Build.0 = VSDebug|Win32
		{69500ADF-371A-43DE-B73E-8A4CA34CB16C}.Release|Win32.ActiveCfg = Release|Win32
		{69500ADF-371A-43DE-B73E-8A4CA34CB16C}.Release|Win32.Build.0 = Release|Win32
		{69500ADF-371A-43DE-B73E-8A4CA34CB16C}.VSDebug|Win32.ActiveCfg = VSDebug|Win32
		{69500ADF-371A-43DE-B73E-8A4CA34CB16C}.VSDebug|Win32.Build.0 = VSDebug|Win32
		{A6FA8C02-6C70-455E-9B1B-0A3315BCEEBE}.Release|Win32.ActiveCfg = Release|Win32
		{A6FA8C02-6C70-455E-9B1B-0A3315BCEEBE}.Release|Win32.Build.0 = Release|Win32
		{A6FA8C02-6C70-455E-9B1B-0A3315BCEEBE}.VSDebug|Win32.ActiveCfg = VSDebug|Win32
		{A6FA8C02-6C70-455E-9B1B-0A3315BCEEBE}.VSDebug|Win32.Build.0 = VSDebug|Win32
		{3C380B85-EC36-457F-A07A-05C9B56AD5F6}.Release|Win32.ActiveCfg = Release|Win32
		{3C380B85-EC36-457F-A07A-05C9B56AD5F6}.Release|Win32.Build.0 = Release|Win32
		{3C380B85-EC36-457F-A07A-05C9B56AD5F6}.VSDebug|Win32.ActiveCfg = VSDebug|Win32
		{3C380B85-EC36-457F-A07A-05C9B56AD5F6}.VSDebug|Win32.Build.0 = VSDebug|Win32
		{38C14533-3620-463E-9476-CCB8D224DCF6}.Release|Win32.ActiveCfg = Release|Win32
		{38C14533-3620-463E-9476-CCB8D224DCF6}.Release|Win32.Build.0 = Release|Win32
		{38C14533-3620-463E-9476-CCB8D224DCF6}.VSDebug|Win32.ActiveCfg = VSDebug|Win32
		{38C14533-3620-463E-9476-CCB8D224DCF6}.VSDebug|Win32.Build.0 = VSDebug|Win32
		{DD6F6ABC-6000-41DA-AD17-15297A2A3E35}.Release|Win32.ActiveCfg = Release|Win32
		{DD6F6ABC-6000-41DA-AD17-15297A2A3E35}.Release|Win32.Build.0 = Release|Win32
		{DD6F6ABC-6000-41DA-AD17-15297A2A3E35}.VSDebug|Win32.ActiveCfg = VSDebug|Win32
		{DD6F6ABC-6000-41DA-AD17-15297A2A3E35}.VSDebug|Win32.Build.0 = VSDebug|Win32
		{BEB36450-DEDD-4262-AC86-ACBE007581F6}.Release|Win32.ActiveCfg = Release|Win32
		{BEB36450-DEDD-4262-AC86-ACBE007581F6}.Release|Win32.Build.0 = Release|Win32
		{BEB36450-DEDD-4262-AC86-ACBE007581F6}.VSDebug|Win32.ActiveCfg = VSDebug|Win32
		{BEB36450-DEDD-4262-AC86-ACBE007581F6}.VSDebug|Win32.Build.0 = VSDebug|Win32
		{3B175834-2D21-4F9A-AB77-2BB94DAB3BEC}.Release|Win32.ActiveCfg = Release|Win32
		{3B175834-2D21-4F9A-AB77-2BB94DAB3BEC}.Release|Win32.Build.0 = Release|Win32
		{3B175834-2D21-4F9A-AB77-2BB94DAB3BEC}.VSDebug|Win32.ActiveCfg = VSDebug|Win32
		{3B175834-2D21-4F9A-AB77-2BB94DAB3BEC}.VSDebug|Win32.Build.0 = VSDebug|Win32
		{D47D7B9A-C9B6-4F52-8B13-14E7FE90200E}.Release|Win32.ActiveCfg = Release|Win32
		{D47D7B9A-C9B6-4F52-8B13-14E7FE90200E}.Release|Win32.Build.0 = Release|Win32
		{D47D7B9A-C9B6-4F52-8B13-14E7FE90200E}.VSDebug|Win32.ActiveCfg = VSDebug|Win32
		{D47D7B9A-C9B6-4F52-8B13-14E7FE90200E}.VSDebug|Win32.Build.0 = VSDebug|Win32
		{0C5B426F-5F01-4A7F-8FE3-A372CE67F02A}.Release|Win32.ActiveCfg = Release|Win32
		{0C5B426F-5F01-4A7F-8FE3-A372CE67F02A}.Release|Win32.Build.0 = Release|Win32
		{0C5B426F-5F01-4A7F-8FE3-A372CE67F02A}.VSDebug|Win32.ActiveCfg = VSDebug|Win32
		{0C5B426F-5F01-4A7F-8FE3-A372CE67F02A}.VSDebug|Win32.Build.0 = VSDebug|Win32
		{AF956C6B-4E27-487E-B795-7F8503A4B5AB}.Release|Win32.ActiveCfg = Release|Win32
		{AF956C6B-4E27-487E-B795-7F8503A4B5AB}.Release|Win32.Build.0 = Release|Win32
		{AF956C6B-4E27-487E-B795-7F8503A4B5AB}.VSDebug|Win32.ActiveCfg = VSDebug|Win32
		{AF956C6B-4E27-487E-B795-7F8503A4B5AB}.VSDebug|Win32.Build.0 = VSDebug|Win32
		{B6B3A52D-BD01-4831-8F40-080721E5F3B8}.Release|Win32.ActiveCfg = Release|Win32
		{B6B3A52D-BD01-4831-8F40-080721E5F3B8}.Release|Win32.Build.0 = Release|Win32
		{B6B3A52D-BD01-4831-8F40-080721E5F3B8}.VSDebug|Win32.ActiveCfg = VSDebug|Win32
		{B6B3A52D-BD01-4831-8F40-080721E5F3B8}.VSDebug|Win32.Build.0 = VSDebug|Win32
		{23AA7603-07B4-42EF-9535-8BA4C156504E}.Release|Win32.ActiveCfg = Release|Win32
		{23AA7603-07B4-42EF-9535-8BA4C156504E}.Release|Win32.Build.0 = Release|Win32
		{23AA7603-07B4-42EF-9535-8BA4C156504E}.VSDebug|Win32.ActiveCfg = VSDebug|Win32
		{23AA7603-07B4-42EF-9535-8BA4C156504E}.VSDebug|Win32.Build.0 = VSDebug|Win32
		{18FA643E-04FF-49E0-BAF4-EAFDA60A492E}.Release|Win32.ActiveCfg = Release|Win32
		{18FA643E-04FF-49E0-BAF4-EAFDA60A492E}.Release|Win32.Build.0 = Release|Win32
		{18FA643E-04FF-49E0-BAF4-EAFDA60A492E}.VSDebug|Win32.ActiveCfg = VSDebug|Win32
		{18FA643E-04FF-49E0-BAF4-EAFDA60A492E}.VSDebug|Win32.Build.0 = VSDebug|Win32
		{A3CAA91B-F202-4B5E-B11B-367E05C097DC}.Release|Win32.ActiveCfg = Release|Win32
		{A3CAA91B-F202-4B5E-B11B-367E05C097DC}.Release|Win32.Build.0 = Release|Win32
		{A3CAA91B-F202-4B5E-B11B-367E05C097DC}.VSDebug|Win32.ActiveCfg = VSDebug|Win32
		{A3CAA91B-F202-4B5E-B11B-367E05C097DC}.VSDebug|Win32.Build.0 = VSDebug|Win32
		{92D81AA9-3090-4B66-966F-EE4CAA062A18}.Release|Win32.ActiveCfg = Release|Win32
		{92D81AA9-3090-4B66-966F-EE4CAA062A18}.Release|Win32.Build.0 = Release|Win32
		{92D81AA9-3090-4B66-966F-EE4CAA062A18}.VSDebug|Win32.ActiveCfg = VSDebug|Win32
		{92D81AA9-3090-4B66-966F-EE4CAA062A18}.VSDebug|Win32.Build.0 = VSDebug|Win32
		{9BA6CBAE-1B19-41BE-9E46-0824CCD932E3}.Release|Win32.ActiveCfg = Release|Win32
		{9BA6CBAE-1B19-41BE-9E46-0824CCD932E3}.Release|Win32.Build.0 = Release|Win32
		{9BA6CBAE-1B19-41BE-9E46-0824CCD932E3}.VSDebug|Win32.ActiveCfg = VSDebug|Win32
		{9BA6CBAE-1B19-41BE-9E46-0824CCD932E3}.VSDebug|Win32.Build.0 = VSDebug|Win32
		{60D0DC49-FB23-4356-B93B-3083D6C7870F}.Release|Win32.ActiveCfg = Release|Win32
		{60D0DC49-FB23-4356-B93B-3083D6C7870F}.Release|Win32.Build.0 = Release|Win32
		{60D0DC49-FB23-4356-B93B-3083D6C7870F}.VSDebug|Win32.ActiveCfg = VSDebug|Win32
		{60D0DC49-FB23-4356-B93B-3083D6C7870F}.VSDebug|Win32.Build.0 = VSDebug|Win32
		{3F48737B-A8D7-418A-A448-40AFBAEA1733}.Release|Win32.ActiveCfg = Release|Win32
		{3F48737B-A8D7-418A-A448-40AFBAEA1733}.Release|Win32.Build.0 = Release|Win32
		{3F48737B-A8D7-418A-A448-40AFBAEA1733}.VSDebug|Win32.ActiveCfg = VSDebug|Win32
		{3F48737B-A8D7-418A-A448-40AFBAEA1733}.VSDebug|Win32.Build.0 = VSDebug|Win32
		{71D59C5D-6E61-4132-B33D-F52524422CB1}.Release|Win32.ActiveCfg = Release|Win32
		{71D59C5D-6E61-4132-B33D-F52524422CB1}.Release|Win32.Build.0 = Release|Win32
		{71D59C5D-6E61-4132-B33D-F52524422CB1}.VSDebug|Win32.ActiveCfg = VSDebug|Win32
		{71D59C5D-6E61-4132-B33D-F52524422CB1}.VSDebug|Win32.Build.0 = VSDebug|Win32
		{DCDE74CC-6ABD-4F0B-9289-C4B19ADA76E4}.Release|Win32.ActiveCfg = Release|Win32
		{DCDE74CC-6ABD-4F0B-9289-C4B19ADA76E4}.Release|Win32.Build.0 = Release|Win32
		{DCDE74CC-6ABD-4F0B-9289-C4B19ADA76E4}.VSDebug|Win32.ActiveCfg = VSDebug|Win32
		{DCDE74CC-6ABD-4F0B-9289-C4B19ADA76E4}.VSDebug|Win32.Build.0 = VSDebug|Win32
		{DC6AD8F6-542A-48AC-8960-E62927C907FB}.Release|Win32.ActiveCfg = Release|Win32
		{DC6AD8F6-542A-48AC-8960-E62927C907FB}.Release|Win32.Build.0 = Release|Win32
		{DC6AD8F6-542A-48AC-8960-E62927C907FB}.VSDebug|Win32.ActiveCfg = VSDebug|Win32
		{DC6AD8F6-542A-48AC-8960-E62927C907FB}.VSDebug|Win32.Build.0 = VSDebug|Win32
		{1AFF43D1-88C8-44B6-A391-3CAA10B9E9CC}.Release|Win32.ActiveCfg = Release|Win32
		{1AFF43D1-88C8-44B6-A391-3CAA10B9E9CC}.Release|Win32.Build.0 = Release|Win32
		{1AFF43D1-88C8-44B6-A391-3CAA10B9E9CC}.VSDebug|Win32.ActiveCfg = VSDebug|Win32
		{1AFF43D1-88C8-44B6-A391-3CAA10B9E9CC}.VSDebug|Win32.Build.0 = VSDebug|Win32
		{F2BB99F7-6BAB-4DC2-AF69-FCA14F085A9F}.Release|Win32.ActiveCfg = Release|Win32
		{F2BB99F7-6BAB-4DC2-AF69-FCA14F085A9F}.Release|Win32.Build.0 = Release|Win32
		{F2BB99F7-6BAB-4DC2-AF69-FCA14F085A9F}.VSDebug|Win32.ActiveCfg = VSDebug|Win32
		{F2BB99F7-6BAB-4DC2-AF69-FCA14F085A9F}.VSDebug|Win32.Build.0 = VSDebug|Win32
		{B15D7487-46E8-4134-B095-DC601DD7F6C5}.Release|Win32.ActiveCfg = Release|Win32
		{B15D7487-46E8-4134-B095-DC601DD7F6C5}.Release|Win32.Build.0 = Release|Win32
		{B15D7487-46E8-4134-B095-DC601DD7F6C5}.VSDebug|Win32.ActiveCfg = VSDebug|Win32
		{B15D7487-46E8-4134-B095-DC601DD7F6C5}.VSDebug|Win32.Build.0 = VSDebug|Win32
		{568C781B-991A-4713-B035-C15BA84C13D1}.Release|Win32.ActiveCfg = Release|Win32
		{568C781B-991A-4713-B035-C15BA84C13D1}.Release|Win32.Build.0 = Release|Win32
		{568C781B-991A-4713-B035-C15BA84C13D1}.VSDebug|Win32.ActiveCfg = VSDebug|Win32
		{568C781B-991A-4713-B035-C15BA84C13D1}.VSDebug|Win32.Build.0 = VSDebug|Win32
		{6F12D839-A7B1-4BEB-B249-B48BD7D374C7}.Release|Win32.ActiveCfg = Release|Win32
		{6F12D839-A7B1-4BEB-B249-B48BD7D374C7}.Release|Win32.Build.0 = Release|Win32
		{6F12D839-A7B1-4BEB-B249-B48BD7D374C7}.VSDebug|Win32.ActiveCfg = VSDebug|Win32
		{6F12D839-A7B1-4BEB-B249-B48BD7D374C7}.VSDebug|Win32.Build.0 = VSDebug|Win32
		{04F1B6AF-0358-4FD2-88F9-E609356E7097}.Release|Win32.ActiveCfg = Release|Win32
		{04F1B6AF-0358-4FD2-88F9-E609356E7097}.Release|Win32.Build.0 = Release|Win32
		{04F1B6AF-0358-4FD2-88F9-E609356E7097}.VSDebug|Win32.ActiveCfg = VSDebug|Win32
		{04F1B6AF-0358-4FD2-88F9-E609356E7097}.VSDebug|Win32.Build.0 = VSDebug|Win32
		{C5627F45-9745-4015-9E82-4CC28EE7278B}.Release|Win32.ActiveCfg = Release|Win32
		{C5627F45-9745-4015-9E82-4CC28EE7278B}.Release|Win32.Build.0 = Release|Win32
		{C5627F45-9745-4015-9E82-4CC28EE7278B}.VSDebug|Win32.ActiveCfg = VSDebug|Win32
		{C5627F45-9745-4015-9E82-4CC28EE7278B}.VSDebug|Win32.Build.0 = VSDebug|Win32
		{3992C7C8-F4C6-4BAD-96FA-ED93C00BE24A}.Release|Win32.ActiveCfg = Release|Win32
		{3992C7C8-F4C6-4BAD-96FA-ED93C00BE24A}.Release|Win32.Build.0 = Release|Win32
		{3992C7C8-F4C6-4BAD-96FA-ED93C00BE24A}.VSDebug|Win32.ActiveCfg = VSDebug|Win32
		{3992C7C8-F4C6-4BAD-96FA-ED93C00BE24A}.VSDebug|Win32.Build.0 = VSDebug|Win32
		{F0DFA3BB-B24D-4B3C-B3C2-9FB961D96395}.Release|Win32.ActiveCfg = Release|Win32
		{F0DFA3BB-B24D-4B3C-B3C2-9FB961D96395}.Release|Win32.Build.0 = Release|Win32
		{F0DFA3BB-B24D-4B3C-B3C2-9FB961D96395}.VSDebug|Win32.ActiveCfg = VSDebug|Win32
		{F0DFA3BB-B24D-4B3C-B3C2-9FB961D96395}.VSDebug|Win32.Build.0 = VSDebug|Win32
		{B3CAA0DA-B778-4B69-8537-3AF7F9984F51}.Release|Win32.ActiveCfg = Release|Win32
		{B3CAA0DA-B778-4B69-8537-3AF7F9984F51}.Release|Win32.Build.0 = Release|Win32
		{B3CAA0DA-B778-4B69-8537-3AF7F9984F51}.VSDebug|Win32.ActiveCfg = VSDebug|Win32
		{B3CAA0DA-B778-4B69-8537-3AF7F9984F51}.VSDebug|Win32.Build.0 = VSDebug|Win32
		{856D95C9-F063-4613-B8E2-ECB6FC9AB6D3}.Release|Win32.ActiveCfg = Release|Win32
		{856D95C9-F063-4613-B8E2-ECB6FC9AB6D3}.Release|Win32.Build.0 = Release|Win32
		{856D95C9-F063-4613-B8E2-ECB6FC9AB6D3}.VSDebug|Win32.ActiveCfg = VSDebug|Win32
		{856D95C9-F063-4613-B8E2-ECB6FC9AB6D3}.VSDebug|Win32.Build.0 = VSDebug|Win32
		{48BE6463-9726-40DA-AF2A-7F9E590C4B20}.Release|Win32.ActiveCfg = Release|Win32
		{48BE6463-9726-40DA-AF2A-7F9E590C4B20}.Release|Win32.Build.0 = Release|Win32
		{48BE6463-9726-40DA-AF2A-7F9E590C4B20}.VSDebug|Win32.ActiveCfg = VSDebug|Win32
		{48BE6463-9726-40DA-AF2A-7F9E590C4B20}.VSDebug|Win32.Build.0 = VSDebug|Win32
		{D1CA56F0-00C0-4E8C-BD6F-8A15619A954D}.Release|Win32.ActiveCfg = Release|Win32
		{D1CA56F0-00C0-4E8C-BD6F-8A15619A954D}.Release|Win32.Build.0 = Release|Win32
		{D1CA56F0-00C0-4E8C-BD6F-8A15619A954D}.VSDebug|Win32.ActiveCfg = VSDebug|Win32
		{D1CA56F0-00C0-4E8C-BD6F-8A15619A954D}.VSDebug|Win32.Build.0 = VSDebug|Win32
		{A95C47C2-8CFA-4BBB-BD66-3B198323B409}.Release|Win32.ActiveCfg = Release|Win32
		{A95C47C2-8CFA-4BBB-BD66-3B198323B409}.Release|Win32.Build.0 = Release|Win32
		{A95C47C2-8CFA-4BBB-BD66-3B198323B409}.VSDebug|Win32.ActiveCfg = VSDebug|Win32
		{A95C47C2-8CFA-4BBB-BD66-3B198323B409}.VSDebug|Win32.Build.0 = VSDebug|Win32
		{9DEDE9E5-79D9-41BF-B0E7-92F61D394BE2}.Release|Win32.ActiveCfg = Release|Win32
		{9DEDE9E5-79D9-41BF-B0E7-92F61D394BE2}.Release|Win32.Build.0 = Release|Win32
		{9DEDE9E5-79D9-41BF-B0E7-92F61D394BE2}.VSDebug|Win32.ActiveCfg = VSDebug|Win32
		{9DEDE9E5-79D9-41BF-B0E7-92F61D394BE2}.VSDebug|Win32.Build.0 = VSDebug|Win32
		{1860A9F0-4E82-4808-B6F0-59625D118021}.Release|Win32.ActiveCfg = Release|Win32
		{1860A9F0-4E82-4808-B6F0-59625D118021}.Release|Win32.Build.0 = Release|Win32
		{1860A9F0-4E82-4808-B6F0-59625D118021}.VSDebug|Win32.ActiveCfg = VSDebug|Win32
		{1860A9F0-4E82-4808-B6F0-59625D118021}.VSDebug|Win32.Build.0 = VSDebug|Win32
		{1EF7B932-7B1D-49DA-8D58-E9CF0101C1F7}.Release|Win32.ActiveCfg = Release|Win32
		{1EF7B932-7B1D-49DA-8D58-E9CF0101C1F7}.Release|Win32.Build.0 = Release|Win32
		{1EF7B932-7B1D-49DA-8D58-E9CF0101C1F7}.VSDebug|Win32.ActiveCfg = VSDebug|Win32
		{1EF7B932-7B1D-49DA-8D58-E9CF0101C1F7}.VSDebug|Win32.Build.0 = VSDebug|Win32
		{7EC7E241-8C9E-40DC-8BF5-78FC90CEA990}.Release|Win32.ActiveCfg = Release|Win32
		{7EC7E241-8C9E-40DC-8BF5-78FC90CEA990}.Release|Win32.Build.0 = Release|Win32
		{7EC7E241-8C9E-40DC-8BF5-78FC90CEA990}.VSDebug|Win32.ActiveCfg = VSDebug|Win32
		{7EC7E241-8C9E-40DC-8BF5-78FC90CEA990}.VSDebug|Win32.Build.0 = VSDebug|Win32
		{5C1834B6-0BA9-4541-8770-D65A78F33958}.Release|Win32.ActiveCfg = Release|Win32
		{5C1834B6-0BA9-4541-8770-D65A78F33958}.Release|Win32.Build.0 = Release|Win32
		{5C1834B6-0BA9-4541-8770-D65A78F33958}.VSDebug|Win32.ActiveCfg = VSDebug|Win32
		{5C1834B6-0BA9-4541-8770-D65A78F33958}.VSDebug|Win32.Build.0 = VSDebug|Win32
		{CEE2C1FC-7AB1-4833-8AFC-8E0AD60CDCC9}.Release|Win32.ActiveCfg = Release|Win32
		{CEE2C1FC-7AB1-4833-8AFC-8E0AD60CDCC9}.Release|Win32.Build.0 = Release|Win32
		{CEE2C1FC-7AB1-4833-8AFC-8E0AD60CDCC9}.VSDebug|Win32.ActiveCfg = VSDebug|Win32
		{CEE2C1FC-7AB1-4833-8AFC-8E0AD60CDCC9}.VSDebug|Win32.Build.0 = VSDebug|Win32
		{6BA13A4B-8361-474A-8055-3A9F2437C3AC}.Release|Win32.ActiveCfg = Release|Win32
		{6BA13A4B-8361-474A-8055-3A9F2437C3AC}.Release|Win32.Build.0 = Release|Win32
		{6BA13A4B-8361-474A-8055-3A9F2437C3AC}.VSDebug|Win32.ActiveCfg = VSDebug|Win32
		{6BA13A4B-8361-474A-8055-3A9F2437C3AC}.VSDebug|Win32.Build.0 = VSDebug|Win32
		{8447CA5B-9D12-4DF0-B225-A25F4B288D2D}.Release|Win32.ActiveCfg = Release|Win32
		{8447CA5B-9D12-4DF0-B225-A25F4B288D2D}.Release|Win32.Build.0 = Release|Win32
		{8447CA5B-9D12-4DF0-B225-A25F4B288D2D}.VSDebug|Win32.ActiveCfg = VSDebug|Win32
		{8447CA5B-9D12-4DF0-B225-A25F4B288D2D}.VSDebug|Win32.Build.0 = VSDebug|Win32
		{4C79D798-FB54-4CD5-9067-9BDC8678478A}.Release|Win32.ActiveCfg = Release|Win32
		{4C79D798-FB54-4CD5-9067-9BDC8678478A}.Release|Win32.Build.0 = Release|Win32
		{4C79D798-FB54-4CD5-9067-9BDC8678478A}.VSDebug|Win32.ActiveCfg = VSDebug|Win32
		{4C79D798-FB54-4CD5-9067-9BDC8678478A}.VSDebug|Win32.Build.0 = VSDebug|Win32
		{5641B37B-7AE7-450A-A433-7B83C73BC878}.Release|Win32.ActiveCfg = Release|Win32
		{5641B37B-7AE7-450A-A433-7B83C73BC878}.Release|Win32.Build.0 = Release|Win32
		{5641B37B-7AE7-450A-A433-7B83C73BC878}.VSDebug|Win32.ActiveCfg = VSDebug|Win32
		{5641B37B-7AE7-450A-A433-7B83C73BC878}.VSDebug|Win32.Build.0 = VSDebug|Win32
		{D9725AED-6124-4225-AC2B-306A97F90607}.Release|Win32.ActiveCfg = Release|Win32
		{D9725AED-6124-4225-AC2B-306A97F90607}.Release|Win32.Build.0 = Release|Win32
		{D9725AED-6124-4225-AC2B-306A97F90607}.VSDebug|Win32.ActiveCfg = VSDebug|Win32
		{D9725AED-6124-4225-AC2B-306A97F90607}.VSDebug|Win32.Build.0 = VSDebug|Win32
		{F42C141B-BECB-4F9C-828B-8BA0DB2BF7E5}.Release|Win32.ActiveCfg = Release|Win32
		{F42C141B-BECB-4F9C-828B-8BA0DB2BF7E5}.Release|Win32.Build.0 = Release|Win32
		{F42C141B-BECB-4F9C-828B-8BA0DB2BF7E5}.VSDebug|Win32.ActiveCfg = VSDebug|Win32
		{F42C141B-BECB-4F9C-828B-8BA0DB2BF7E5}.VSDebug|Win32.Build.0 = VSDebug|Win32
		{9D9A7FB3-B049-4E4C-835A-D2516DC2F076}.Release|Win32.ActiveCfg = Release|Win32
		{9D9A7FB3-B049-4E4C-835A-D2516DC2F076}.Release|Win32.Build.0 = Release|Win32
		{9D9A7FB3-B049-4E4C-835A-D2516DC2F076}.VSDebug|Win32.ActiveCfg = VSDebug|Win32
		{9D9A7FB3-B049-4E4C-835A-D2516DC2F076}.VSDebug|Win32.Build.0 = VSDebug|Win32
	EndGlobalSection
	GlobalSection(SolutionProperties) = preSolution
		HideSolutionNode = FALSE
	EndGlobalSection
EndGlobal
