
Microsoft Visual Studio Solution File, Format Version 10.00
# Visual C++ Express 2008
Project("{8BC9CEB8-8B4A-11D0-8D11-00A0C91BC942}") = "libfcache", "libfcache\libfcache.vcproj", "{D46D1213-A541-465A-B75B-B5BE4DF98CDB}"
	ProjectSection(ProjectDependencies) = postProject
		{D982449A-52D7-47C8-A00E-CA80794C087A} = {D982449A-52D7-47C8-A00E-CA80794C087A}
		{4C79D798-FB54-4CD5-9067-9BDC8678478A} = {4C79D798-FB54-4CD5-9067-9BDC8678478A}
		{1EF7B932-7B1D-49DA-8D58-E9CF0101C1F7} = {1EF7B932-7B1D-49DA-8D58-E9CF0101C1F7}
		{F42C141B-BECB-4F9C-828B-8BA0DB2BF7E5} = {F42C141B-BECB-4F9C-828B-8BA0DB2BF7E5}
	EndProjectSection
EndProject
Project("{8BC9CEB8-8B4A-11D0-8D11-00A0C91BC942}") = "libfguid", "libfguid\libfguid.vcproj", "{AD1E9BC6-39CA-4913-8C16-15AD16F1BA78}"
	ProjectSection(ProjectDependencies) = postProject
		{D982449A-52D7-47C8-A00E-CA80794C087A} = {D982449A-52D7-47C8-A00E-CA80794C087A}
		{4C79D798-FB54-4CD5-9067-9BDC8678478A} = {4C79D798-FB54-4CD5-9067-9BDC8678478A}
	EndProjectSection
EndProject
Project("{8BC9CEB8-8B4A-11D0-8D11-00A0C91BC942}") = "fsntfs_test_open_close", "fsntfs_test_open_close\fsntfs_test_open_close.vcproj", "{A15C61EE-A787-40F1-A488-450F4206C03C}"
	ProjectSection(ProjectDependencies) = postProject
		{D1CA56F0-00C0-4E8C-BD6F-8A15619A954D} = {D1CA56F0-00C0-4E8C-BD6F-8A15619A954D}
		{1EF7B932-7B1D-49DA-8D58-E9CF0101C1F7} = {1EF7B932-7B1D-49DA-8D58-E9CF0101C1F7}
		{4C79D798-FB54-4CD5-9067-9BDC8678478A} = {4C79D798-FB54-4CD5-9067-9BDC8678478A}
		{D982449A-52D7-47C8-A00E-CA80794C087A} = {D982449A-52D7-47C8-A00E-CA80794C087A}
	EndProjectSection
EndProject
Project("{8BC9CEB8-8B4A-11D0-8D11-00A0C91BC942}") = "fsntfs_test_read", "fsntfs_test_read\fsntfs_test_read.vcproj", "{61A9C973-7D5A-4771-A0F7-AA07E14CA0BB}"
	ProjectSection(ProjectDependencies) = postProject
		{D1CA56F0-00C0-4E8C-BD6F-8A15619A954D} = {D1CA56F0-00C0-4E8C-BD6F-8A15619A954D}
		{1EF7B932-7B1D-49DA-8D58-E9CF0101C1F7} = {1EF7B932-7B1D-49DA-8D58-E9CF0101C1F7}
		{4C79D798-FB54-4CD5-9067-9BDC8678478A} = {4C79D798-FB54-4CD5-9067-9BDC8678478A}
		{D982449A-52D7-47C8-A00E-CA80794C087A} = {D982449A-52D7-47C8-A00E-CA80794C087A}
	EndProjectSection
EndProject
Project("{8BC9CEB8-8B4A-11D0-8D11-00A0C91BC942}") = "fsntfs_test_seek", "fsntfs_test_seek\fsntfs_test_seek.vcproj", "{5EFB8003-996B-4F23-A9E1-B77F2B6A2565}"
	ProjectSection(ProjectDependencies) = postProject
		{D1CA56F0-00C0-4E8C-BD6F-8A15619A954D} = {D1CA56F0-00C0-4E8C-BD6F-8A15619A954D}
		{1EF7B932-7B1D-49DA-8D58-E9CF0101C1F7} = {1EF7B932-7B1D-49DA-8D58-E9CF0101C1F7}
		{4C79D798-FB54-4CD5-9067-9BDC8678478A} = {4C79D798-FB54-4CD5-9067-9BDC8678478A}
		{D982449A-52D7-47C8-A00E-CA80794C087A} = {D982449A-52D7-47C8-A00E-CA80794C087A}
	EndProjectSection
EndProject
Project("{8BC9CEB8-8B4A-11D0-8D11-00A0C91BC942}") = "libclocale", "libclocale\libclocale.vcproj", "{F0DFA3BB-B24D-4B3C-B3C2-9FB961D96395}"
	ProjectSection(ProjectDependencies) = postProject
		{D982449A-52D7-47C8-A00E-CA80794C087A} = {D982449A-52D7-47C8-A00E-CA80794C087A}
		{4C79D798-FB54-4CD5-9067-9BDC8678478A} = {4C79D798-FB54-4CD5-9067-9BDC8678478A}
	EndProjectSection
EndProject
Project("{8BC9CEB8-8B4A-11D0-8D11-00A0C91BC942}") = "libbfio", "libbfio\libbfio.vcproj", "{B3CAA0DA-B778-4B69-8537-3AF7F9984F51}"
	ProjectSection(ProjectDependencies) = postProject
		{D982449A-52D7-47C8-A00E-CA80794C087A} = {D982449A-52D7-47C8-A00E-CA80794C087A}
		{4C79D798-FB54-4CD5-9067-9BDC8678478A} = {4C79D798-FB54-4CD5-9067-9BDC8678478A}
		{1EF7B932-7B1D-49DA-8D58-E9CF0101C1F7} = {1EF7B932-7B1D-49DA-8D58-E9CF0101C1F7}
		{F0DFA3BB-B24D-4B3C-B3C2-9FB961D96395} = {F0DFA3BB-B24D-4B3C-B3C2-9FB961D96395}
		{5641B37B-7AE7-450A-A433-7B83C73BC878} = {5641B37B-7AE7-450A-A433-7B83C73BC878}
		{F42C141B-BECB-4F9C-828B-8BA0DB2BF7E5} = {F42C141B-BECB-4F9C-828B-8BA0DB2BF7E5}
		{9D9A7FB3-B049-4E4C-835A-D2516DC2F076} = {9D9A7FB3-B049-4E4C-835A-D2516DC2F076}
		{9DEDE9E5-79D9-41BF-B0E7-92F61D394BE2} = {9DEDE9E5-79D9-41BF-B0E7-92F61D394BE2}
		{5C1834B6-0BA9-4541-8770-D65A78F33958} = {5C1834B6-0BA9-4541-8770-D65A78F33958}
		{8447CA5B-9D12-4DF0-B225-A25F4B288D2D} = {8447CA5B-9D12-4DF0-B225-A25F4B288D2D}
	EndProjectSection
EndProject
Project("{8BC9CEB8-8B4A-11D0-8D11-00A0C91BC942}") = "fsntfsinfo", "fsntfsinfo\fsntfsinfo.vcproj", "{856D95C9-F063-4613-B8E2-ECB6FC9AB6D3}"
	ProjectSection(ProjectDependencies) = postProject
		{F7C50965-B5DC-4225-95B4-489D4D1E5782} = {F7C50965-B5DC-4225-95B4-489D4D1E5782}
		{CEE2C1FC-7AB1-4833-8AFC-8E0AD60CDCC9} = {CEE2C1FC-7AB1-4833-8AFC-8E0AD60CDCC9}
		{AD1E9BC6-39CA-4913-8C16-15AD16F1BA78} = {AD1E9BC6-39CA-4913-8C16-15AD16F1BA78}
		{A95C47C2-8CFA-4BBB-BD66-3B198323B409} = {A95C47C2-8CFA-4BBB-BD66-3B198323B409}
		{B3CAA0DA-B778-4B69-8537-3AF7F9984F51} = {B3CAA0DA-B778-4B69-8537-3AF7F9984F51}
		{5C1834B6-0BA9-4541-8770-D65A78F33958} = {5C1834B6-0BA9-4541-8770-D65A78F33958}
		{9DEDE9E5-79D9-41BF-B0E7-92F61D394BE2} = {9DEDE9E5-79D9-41BF-B0E7-92F61D394BE2}
		{8447CA5B-9D12-4DF0-B225-A25F4B288D2D} = {8447CA5B-9D12-4DF0-B225-A25F4B288D2D}
		{9D9A7FB3-B049-4E4C-835A-D2516DC2F076} = {9D9A7FB3-B049-4E4C-835A-D2516DC2F076}
		{F42C141B-BECB-4F9C-828B-8BA0DB2BF7E5} = {F42C141B-BECB-4F9C-828B-8BA0DB2BF7E5}
		{D1CA56F0-00C0-4E8C-BD6F-8A15619A954D} = {D1CA56F0-00C0-4E8C-BD6F-8A15619A954D}
		{5641B37B-7AE7-450A-A433-7B83C73BC878} = {5641B37B-7AE7-450A-A433-7B83C73BC878}
		{F0DFA3BB-B24D-4B3C-B3C2-9FB961D96395} = {F0DFA3BB-B24D-4B3C-B3C2-9FB961D96395}
		{4C79D798-FB54-4CD5-9067-9BDC8678478A} = {4C79D798-FB54-4CD5-9067-9BDC8678478A}
		{D982449A-52D7-47C8-A00E-CA80794C087A} = {D982449A-52D7-47C8-A00E-CA80794C087A}
	EndProjectSection
EndProject
Project("{8BC9CEB8-8B4A-11D0-8D11-00A0C91BC942}") = "libfsntfs", "libfsntfs\libfsntfs.vcproj", "{D1CA56F0-00C0-4E8C-BD6F-8A15619A954D}"
	ProjectSection(ProjectDependencies) = postProject
		{D982449A-52D7-47C8-A00E-CA80794C087A} = {D982449A-52D7-47C8-A00E-CA80794C087A}
		{4C79D798-FB54-4CD5-9067-9BDC8678478A} = {4C79D798-FB54-4CD5-9067-9BDC8678478A}
		{F42C141B-BECB-4F9C-828B-8BA0DB2BF7E5} = {F42C141B-BECB-4F9C-828B-8BA0DB2BF7E5}
		{F0DFA3BB-B24D-4B3C-B3C2-9FB961D96395} = {F0DFA3BB-B24D-4B3C-B3C2-9FB961D96395}
		{5641B37B-7AE7-450A-A433-7B83C73BC878} = {5641B37B-7AE7-450A-A433-7B83C73BC878}
		{9D9A7FB3-B049-4E4C-835A-D2516DC2F076} = {9D9A7FB3-B049-4E4C-835A-D2516DC2F076}
		{8447CA5B-9D12-4DF0-B225-A25F4B288D2D} = {8447CA5B-9D12-4DF0-B225-A25F4B288D2D}
		{9DEDE9E5-79D9-41BF-B0E7-92F61D394BE2} = {9DEDE9E5-79D9-41BF-B0E7-92F61D394BE2}
		{5C1834B6-0BA9-4541-8770-D65A78F33958} = {5C1834B6-0BA9-4541-8770-D65A78F33958}
		{B3CAA0DA-B778-4B69-8537-3AF7F9984F51} = {B3CAA0DA-B778-4B69-8537-3AF7F9984F51}
		{D46D1213-A541-465A-B75B-B5BE4DF98CDB} = {D46D1213-A541-465A-B75B-B5BE4DF98CDB}
		{D9725AED-6124-4225-AC2B-306A97F90607} = {D9725AED-6124-4225-AC2B-306A97F90607}
		{A95C47C2-8CFA-4BBB-BD66-3B198323B409} = {A95C47C2-8CFA-4BBB-BD66-3B198323B409}
		{AD1E9BC6-39CA-4913-8C16-15AD16F1BA78} = {AD1E9BC6-39CA-4913-8C16-15AD16F1BA78}
		{1860A9F0-4E82-4808-B6F0-59625D118021} = {1860A9F0-4E82-4808-B6F0-59625D118021}
	EndProjectSection
EndProject
Project("{8BC9CEB8-8B4A-11D0-8D11-00A0C91BC942}") = "libfdatetime", "libfdatetime\libfdatetime.vcproj", "{A95C47C2-8CFA-4BBB-BD66-3B198323B409}"
	ProjectSection(ProjectDependencies) = postProject
		{D982449A-52D7-47C8-A00E-CA80794C087A} = {D982449A-52D7-47C8-A00E-CA80794C087A}
		{4C79D798-FB54-4CD5-9067-9BDC8678478A} = {4C79D798-FB54-4CD5-9067-9BDC8678478A}
	EndProjectSection
EndProject
Project("{8BC9CEB8-8B4A-11D0-8D11-00A0C91BC942}") = "libcfile", "libcfile\libcfile.vcproj", "{9DEDE9E5-79D9-41BF-B0E7-92F61D394BE2}"
	ProjectSection(ProjectDependencies) = postProject
		{D982449A-52D7-47C8-A00E-CA80794C087A} = {D982449A-52D7-47C8-A00E-CA80794C087A}
		{4C79D798-FB54-4CD5-9067-9BDC8678478A} = {4C79D798-FB54-4CD5-9067-9BDC8678478A}
		{F0DFA3BB-B24D-4B3C-B3C2-9FB961D96395} = {F0DFA3BB-B24D-4B3C-B3C2-9FB961D96395}
		{5641B37B-7AE7-450A-A433-7B83C73BC878} = {5641B37B-7AE7-450A-A433-7B83C73BC878}
		{8447CA5B-9D12-4DF0-B225-A25F4B288D2D} = {8447CA5B-9D12-4DF0-B225-A25F4B288D2D}
	EndProjectSection
EndProject
Project("{8BC9CEB8-8B4A-11D0-8D11-00A0C91BC942}") = "libfwnt", "libfwnt\libfwnt.vcproj", "{1860A9F0-4E82-4808-B6F0-59625D118021}"
	ProjectSection(ProjectDependencies) = postProject
		{D982449A-52D7-47C8-A00E-CA80794C087A} = {D982449A-52D7-47C8-A00E-CA80794C087A}
		{4C79D798-FB54-4CD5-9067-9BDC8678478A} = {4C79D798-FB54-4CD5-9067-9BDC8678478A}
		{1EF7B932-7B1D-49DA-8D58-E9CF0101C1F7} = {1EF7B932-7B1D-49DA-8D58-E9CF0101C1F7}
		{F42C141B-BECB-4F9C-828B-8BA0DB2BF7E5} = {F42C141B-BECB-4F9C-828B-8BA0DB2BF7E5}
		{5641B37B-7AE7-450A-A433-7B83C73BC878} = {5641B37B-7AE7-450A-A433-7B83C73BC878}
	EndProjectSection
EndProject
Project("{8BC9CEB8-8B4A-11D0-8D11-00A0C91BC942}") = "libcthreads", "libcthreads\libcthreads.vcproj", "{1EF7B932-7B1D-49DA-8D58-E9CF0101C1F7}"
	ProjectSection(ProjectDependencies) = postProject
		{D982449A-52D7-47C8-A00E-CA80794C087A} = {D982449A-52D7-47C8-A00E-CA80794C087A}
		{4C79D798-FB54-4CD5-9067-9BDC8678478A} = {4C79D798-FB54-4CD5-9067-9BDC8678478A}
	EndProjectSection
EndProject
Project("{8BC9CEB8-8B4A-11D0-8D11-00A0C91BC942}") = "pyfsntfs", "pyfsntfs\pyfsntfs.vcproj", "{7EC7E241-8C9E-40DC-8BF5-78FC90CEA990}"
	ProjectSection(ProjectDependencies) = postProject
		{D982449A-52D7-47C8-A00E-CA80794C087A} = {D982449A-52D7-47C8-A00E-CA80794C087A}
		{4C79D798-FB54-4CD5-9067-9BDC8678478A} = {4C79D798-FB54-4CD5-9067-9BDC8678478A}
		{D1CA56F0-00C0-4E8C-BD6F-8A15619A954D} = {D1CA56F0-00C0-4E8C-BD6F-8A15619A954D}
		{F42C141B-BECB-4F9C-828B-8BA0DB2BF7E5} = {F42C141B-BECB-4F9C-828B-8BA0DB2BF7E5}
		{F0DFA3BB-B24D-4B3C-B3C2-9FB961D96395} = {F0DFA3BB-B24D-4B3C-B3C2-9FB961D96395}
		{9D9A7FB3-B049-4E4C-835A-D2516DC2F076} = {9D9A7FB3-B049-4E4C-835A-D2516DC2F076}
		{8447CA5B-9D12-4DF0-B225-A25F4B288D2D} = {8447CA5B-9D12-4DF0-B225-A25F4B288D2D}
		{9DEDE9E5-79D9-41BF-B0E7-92F61D394BE2} = {9DEDE9E5-79D9-41BF-B0E7-92F61D394BE2}
		{5C1834B6-0BA9-4541-8770-D65A78F33958} = {5C1834B6-0BA9-4541-8770-D65A78F33958}
		{B3CAA0DA-B778-4B69-8537-3AF7F9984F51} = {B3CAA0DA-B778-4B69-8537-3AF7F9984F51}
		{AD1E9BC6-39CA-4913-8C16-15AD16F1BA78} = {AD1E9BC6-39CA-4913-8C16-15AD16F1BA78}
	EndProjectSection
EndProject
Project("{8BC9CEB8-8B4A-11D0-8D11-00A0C91BC942}") = "libcpath", "libcpath\libcpath.vcproj", "{5C1834B6-0BA9-4541-8770-D65A78F33958}"
	ProjectSection(ProjectDependencies) = postProject
		{D982449A-52D7-47C8-A00E-CA80794C087A} = {D982449A-52D7-47C8-A00E-CA80794C087A}
		{4C79D798-FB54-4CD5-9067-9BDC8678478A} = {4C79D798-FB54-4CD5-9067-9BDC8678478A}
		{F0DFA3BB-B24D-4B3C-B3C2-9FB961D96395} = {F0DFA3BB-B24D-4B3C-B3C2-9FB961D96395}
		{9D9A7FB3-B049-4E4C-835A-D2516DC2F076} = {9D9A7FB3-B049-4E4C-835A-D2516DC2F076}
		{8447CA5B-9D12-4DF0-B225-A25F4B288D2D} = {8447CA5B-9D12-4DF0-B225-A25F4B288D2D}
	EndProjectSection
EndProject
Project("{8BC9CEB8-8B4A-11D0-8D11-00A0C91BC942}") = "libfusn", "libfusn\libfusn.vcproj", "{CEE2C1FC-7AB1-4833-8AFC-8E0AD60CDCC9}"
	ProjectSection(ProjectDependencies) = postProject
		{D982449A-52D7-47C8-A00E-CA80794C087A} = {D982449A-52D7-47C8-A00E-CA80794C087A}
		{4C79D798-FB54-4CD5-9067-9BDC8678478A} = {4C79D798-FB54-4CD5-9067-9BDC8678478A}
		{5641B37B-7AE7-450A-A433-7B83C73BC878} = {5641B37B-7AE7-450A-A433-7B83C73BC878}
		{8447CA5B-9D12-4DF0-B225-A25F4B288D2D} = {8447CA5B-9D12-4DF0-B225-A25F4B288D2D}
		{A95C47C2-8CFA-4BBB-BD66-3B198323B409} = {A95C47C2-8CFA-4BBB-BD66-3B198323B409}
	EndProjectSection
EndProject
Project("{8BC9CEB8-8B4A-11D0-8D11-00A0C91BC942}") = "libcstring", "libcstring\libcstring.vcproj", "{D982449A-52D7-47C8-A00E-CA80794C087A}"
EndProject
Project("{8BC9CEB8-8B4A-11D0-8D11-00A0C91BC942}") = "libuna", "libuna\libuna.vcproj", "{8447CA5B-9D12-4DF0-B225-A25F4B288D2D}"
	ProjectSection(ProjectDependencies) = postProject
		{D982449A-52D7-47C8-A00E-CA80794C087A} = {D982449A-52D7-47C8-A00E-CA80794C087A}
		{4C79D798-FB54-4CD5-9067-9BDC8678478A} = {4C79D798-FB54-4CD5-9067-9BDC8678478A}
	EndProjectSection
EndProject
Project("{8BC9CEB8-8B4A-11D0-8D11-00A0C91BC942}") = "libcerror", "libcerror\libcerror.vcproj", "{4C79D798-FB54-4CD5-9067-9BDC8678478A}"
	ProjectSection(ProjectDependencies) = postProject
		{D982449A-52D7-47C8-A00E-CA80794C087A} = {D982449A-52D7-47C8-A00E-CA80794C087A}
	EndProjectSection
EndProject
Project("{8BC9CEB8-8B4A-11D0-8D11-00A0C91BC942}") = "libcnotify", "libcnotify\libcnotify.vcproj", "{5641B37B-7AE7-450A-A433-7B83C73BC878}"
	ProjectSection(ProjectDependencies) = postProject
		{D982449A-52D7-47C8-A00E-CA80794C087A} = {D982449A-52D7-47C8-A00E-CA80794C087A}
		{4C79D798-FB54-4CD5-9067-9BDC8678478A} = {4C79D798-FB54-4CD5-9067-9BDC8678478A}
	EndProjectSection
EndProject
Project("{8BC9CEB8-8B4A-11D0-8D11-00A0C91BC942}") = "libcsystem", "libcsystem\libcsystem.vcproj", "{F7C50965-B5DC-4225-95B4-489D4D1E5782}"
	ProjectSection(ProjectDependencies) = postProject
		{D982449A-52D7-47C8-A00E-CA80794C087A} = {D982449A-52D7-47C8-A00E-CA80794C087A}
		{4C79D798-FB54-4CD5-9067-9BDC8678478A} = {4C79D798-FB54-4CD5-9067-9BDC8678478A}
		{F0DFA3BB-B24D-4B3C-B3C2-9FB961D96395} = {F0DFA3BB-B24D-4B3C-B3C2-9FB961D96395}
		{5641B37B-7AE7-450A-A433-7B83C73BC878} = {5641B37B-7AE7-450A-A433-7B83C73BC878}
		{8447CA5B-9D12-4DF0-B225-A25F4B288D2D} = {8447CA5B-9D12-4DF0-B225-A25F4B288D2D}
	EndProjectSection
EndProject
Project("{8BC9CEB8-8B4A-11D0-8D11-00A0C91BC942}") = "libfdata", "libfdata\libfdata.vcproj", "{D9725AED-6124-4225-AC2B-306A97F90607}"
	ProjectSection(ProjectDependencies) = postProject
		{D982449A-52D7-47C8-A00E-CA80794C087A} = {D982449A-52D7-47C8-A00E-CA80794C087A}
		{4C79D798-FB54-4CD5-9067-9BDC8678478A} = {4C79D798-FB54-4CD5-9067-9BDC8678478A}
		{1EF7B932-7B1D-49DA-8D58-E9CF0101C1F7} = {1EF7B932-7B1D-49DA-8D58-E9CF0101C1F7}
		{F42C141B-BECB-4F9C-828B-8BA0DB2BF7E5} = {F42C141B-BECB-4F9C-828B-8BA0DB2BF7E5}
		{5641B37B-7AE7-450A-A433-7B83C73BC878} = {5641B37B-7AE7-450A-A433-7B83C73BC878}
		{D46D1213-A541-465A-B75B-B5BE4DF98CDB} = {D46D1213-A541-465A-B75B-B5BE4DF98CDB}
	EndProjectSection
EndProject
Project("{8BC9CEB8-8B4A-11D0-8D11-00A0C91BC942}") = "libcdata", "libcdata\libcdata.vcproj", "{F42C141B-BECB-4F9C-828B-8BA0DB2BF7E5}"
	ProjectSection(ProjectDependencies) = postProject
		{D982449A-52D7-47C8-A00E-CA80794C087A} = {D982449A-52D7-47C8-A00E-CA80794C087A}
		{4C79D798-FB54-4CD5-9067-9BDC8678478A} = {4C79D798-FB54-4CD5-9067-9BDC8678478A}
		{1EF7B932-7B1D-49DA-8D58-E9CF0101C1F7} = {1EF7B932-7B1D-49DA-8D58-E9CF0101C1F7}
	EndProjectSection
EndProject
Project("{8BC9CEB8-8B4A-11D0-8D11-00A0C91BC942}") = "libcsplit", "libcsplit\libcsplit.vcproj", "{9D9A7FB3-B049-4E4C-835A-D2516DC2F076}"
	ProjectSection(ProjectDependencies) = postProject
		{D982449A-52D7-47C8-A00E-CA80794C087A} = {D982449A-52D7-47C8-A00E-CA80794C087A}
		{4C79D798-FB54-4CD5-9067-9BDC8678478A} = {4C79D798-FB54-4CD5-9067-9BDC8678478A}
	EndProjectSection
EndProject
Global
	GlobalSection(SolutionConfigurationPlatforms) = preSolution
		Release|Win32 = Release|Win32
		VSDebug|Win32 = VSDebug|Win32
	EndGlobalSection
	GlobalSection(ProjectConfigurationPlatforms) = postSolution
		{D46D1213-A541-465A-B75B-B5BE4DF98CDB}.Release|Win32.ActiveCfg = Release|Win32
		{D46D1213-A541-465A-B75B-B5BE4DF98CDB}.Release|Win32.Build.0 = Release|Win32
		{D46D1213-A541-465A-B75B-B5BE4DF98CDB}.VSDebug|Win32.ActiveCfg = VSDebug|Win32
		{D46D1213-A541-465A-B75B-B5BE4DF98CDB}.VSDebug|Win32.Build.0 = VSDebug|Win32
		{AD1E9BC6-39CA-4913-8C16-15AD16F1BA78}.Release|Win32.ActiveCfg = Release|Win32
		{AD1E9BC6-39CA-4913-8C16-15AD16F1BA78}.Release|Win32.Build.0 = Release|Win32
		{AD1E9BC6-39CA-4913-8C16-15AD16F1BA78}.VSDebug|Win32.ActiveCfg = VSDebug|Win32
		{AD1E9BC6-39CA-4913-8C16-15AD16F1BA78}.VSDebug|Win32.Build.0 = VSDebug|Win32
		{A15C61EE-A787-40F1-A488-450F4206C03C}.Release|Win32.ActiveCfg = Release|Win32
		{A15C61EE-A787-40F1-A488-450F4206C03C}.Release|Win32.Build.0 = Release|Win32
		{A15C61EE-A787-40F1-A488-450F4206C03C}.VSDebug|Win32.ActiveCfg = VSDebug|Win32
		{A15C61EE-A787-40F1-A488-450F4206C03C}.VSDebug|Win32.Build.0 = VSDebug|Win32
		{61A9C973-7D5A-4771-A0F7-AA07E14CA0BB}.Release|Win32.ActiveCfg = Release|Win32
		{61A9C973-7D5A-4771-A0F7-AA07E14CA0BB}.Release|Win32.Build.0 = Release|Win32
		{61A9C973-7D5A-4771-A0F7-AA07E14CA0BB}.VSDebug|Win32.ActiveCfg = VSDebug|Win32
		{61A9C973-7D5A-4771-A0F7-AA07E14CA0BB}.VSDebug|Win32.Build.0 = VSDebug|Win32
		{5EFB8003-996B-4F23-A9E1-B77F2B6A2565}.Release|Win32.ActiveCfg = Release|Win32
		{5EFB8003-996B-4F23-A9E1-B77F2B6A2565}.Release|Win32.Build.0 = Release|Win32
		{5EFB8003-996B-4F23-A9E1-B77F2B6A2565}.VSDebug|Win32.ActiveCfg = VSDebug|Win32
		{5EFB8003-996B-4F23-A9E1-B77F2B6A2565}.VSDebug|Win32.Build.0 = VSDebug|Win32
		{F0DFA3BB-B24D-4B3C-B3C2-9FB961D96395}.Release|Win32.ActiveCfg = Release|Win32
		{F0DFA3BB-B24D-4B3C-B3C2-9FB961D96395}.Release|Win32.Build.0 = Release|Win32
		{F0DFA3BB-B24D-4B3C-B3C2-9FB961D96395}.VSDebug|Win32.ActiveCfg = VSDebug|Win32
		{F0DFA3BB-B24D-4B3C-B3C2-9FB961D96395}.VSDebug|Win32.Build.0 = VSDebug|Win32
		{B3CAA0DA-B778-4B69-8537-3AF7F9984F51}.Release|Win32.ActiveCfg = Release|Win32
		{B3CAA0DA-B778-4B69-8537-3AF7F9984F51}.Release|Win32.Build.0 = Release|Win32
		{B3CAA0DA-B778-4B69-8537-3AF7F9984F51}.VSDebug|Win32.ActiveCfg = VSDebug|Win32
		{B3CAA0DA-B778-4B69-8537-3AF7F9984F51}.VSDebug|Win32.Build.0 = VSDebug|Win32
		{856D95C9-F063-4613-B8E2-ECB6FC9AB6D3}.Release|Win32.ActiveCfg = Release|Win32
		{856D95C9-F063-4613-B8E2-ECB6FC9AB6D3}.Release|Win32.Build.0 = Release|Win32
		{856D95C9-F063-4613-B8E2-ECB6FC9AB6D3}.VSDebug|Win32.ActiveCfg = VSDebug|Win32
		{856D95C9-F063-4613-B8E2-ECB6FC9AB6D3}.VSDebug|Win32.Build.0 = VSDebug|Win32
		{D1CA56F0-00C0-4E8C-BD6F-8A15619A954D}.Release|Win32.ActiveCfg = Release|Win32
		{D1CA56F0-00C0-4E8C-BD6F-8A15619A954D}.Release|Win32.Build.0 = Release|Win32
		{D1CA56F0-00C0-4E8C-BD6F-8A15619A954D}.VSDebug|Win32.ActiveCfg = VSDebug|Win32
		{D1CA56F0-00C0-4E8C-BD6F-8A15619A954D}.VSDebug|Win32.Build.0 = VSDebug|Win32
		{A95C47C2-8CFA-4BBB-BD66-3B198323B409}.Release|Win32.ActiveCfg = Release|Win32
		{A95C47C2-8CFA-4BBB-BD66-3B198323B409}.Release|Win32.Build.0 = Release|Win32
		{A95C47C2-8CFA-4BBB-BD66-3B198323B409}.VSDebug|Win32.ActiveCfg = VSDebug|Win32
		{A95C47C2-8CFA-4BBB-BD66-3B198323B409}.VSDebug|Win32.Build.0 = VSDebug|Win32
		{9DEDE9E5-79D9-41BF-B0E7-92F61D394BE2}.Release|Win32.ActiveCfg = Release|Win32
		{9DEDE9E5-79D9-41BF-B0E7-92F61D394BE2}.Release|Win32.Build.0 = Release|Win32
		{9DEDE9E5-79D9-41BF-B0E7-92F61D394BE2}.VSDebug|Win32.ActiveCfg = VSDebug|Win32
		{9DEDE9E5-79D9-41BF-B0E7-92F61D394BE2}.VSDebug|Win32.Build.0 = VSDebug|Win32
		{1860A9F0-4E82-4808-B6F0-59625D118021}.Release|Win32.ActiveCfg = Release|Win32
		{1860A9F0-4E82-4808-B6F0-59625D118021}.Release|Win32.Build.0 = Release|Win32
		{1860A9F0-4E82-4808-B6F0-59625D118021}.VSDebug|Win32.ActiveCfg = VSDebug|Win32
		{1860A9F0-4E82-4808-B6F0-59625D118021}.VSDebug|Win32.Build.0 = VSDebug|Win32
		{1EF7B932-7B1D-49DA-8D58-E9CF0101C1F7}.Release|Win32.ActiveCfg = Release|Win32
		{1EF7B932-7B1D-49DA-8D58-E9CF0101C1F7}.Release|Win32.Build.0 = Release|Win32
		{1EF7B932-7B1D-49DA-8D58-E9CF0101C1F7}.VSDebug|Win32.ActiveCfg = VSDebug|Win32
		{1EF7B932-7B1D-49DA-8D58-E9CF0101C1F7}.VSDebug|Win32.Build.0 = VSDebug|Win32
		{7EC7E241-8C9E-40DC-8BF5-78FC90CEA990}.Release|Win32.ActiveCfg = Release|Win32
		{7EC7E241-8C9E-40DC-8BF5-78FC90CEA990}.Release|Win32.Build.0 = Release|Win32
		{7EC7E241-8C9E-40DC-8BF5-78FC90CEA990}.VSDebug|Win32.ActiveCfg = VSDebug|Win32
		{7EC7E241-8C9E-40DC-8BF5-78FC90CEA990}.VSDebug|Win32.Build.0 = VSDebug|Win32
		{5C1834B6-0BA9-4541-8770-D65A78F33958}.Release|Win32.ActiveCfg = Release|Win32
		{5C1834B6-0BA9-4541-8770-D65A78F33958}.Release|Win32.Build.0 = Release|Win32
		{5C1834B6-0BA9-4541-8770-D65A78F33958}.VSDebug|Win32.ActiveCfg = VSDebug|Win32
		{5C1834B6-0BA9-4541-8770-D65A78F33958}.VSDebug|Win32.Build.0 = VSDebug|Win32
		{CEE2C1FC-7AB1-4833-8AFC-8E0AD60CDCC9}.Release|Win32.ActiveCfg = Release|Win32
		{CEE2C1FC-7AB1-4833-8AFC-8E0AD60CDCC9}.Release|Win32.Build.0 = Release|Win32
		{CEE2C1FC-7AB1-4833-8AFC-8E0AD60CDCC9}.VSDebug|Win32.ActiveCfg = VSDebug|Win32
		{CEE2C1FC-7AB1-4833-8AFC-8E0AD60CDCC9}.VSDebug|Win32.Build.0 = VSDebug|Win32
		{D982449A-52D7-47C8-A00E-CA80794C087A}.Release|Win32.ActiveCfg = Release|Win32
		{D982449A-52D7-47C8-A00E-CA80794C087A}.Release|Win32.Build.0 = Release|Win32
		{D982449A-52D7-47C8-A00E-CA80794C087A}.VSDebug|Win32.ActiveCfg = VSDebug|Win32
		{D982449A-52D7-47C8-A00E-CA80794C087A}.VSDebug|Win32.Build.0 = VSDebug|Win32
		{8447CA5B-9D12-4DF0-B225-A25F4B288D2D}.Release|Win32.ActiveCfg = Release|Win32
		{8447CA5B-9D12-4DF0-B225-A25F4B288D2D}.Release|Win32.Build.0 = Release|Win32
		{8447CA5B-9D12-4DF0-B225-A25F4B288D2D}.VSDebug|Win32.ActiveCfg = VSDebug|Win32
		{8447CA5B-9D12-4DF0-B225-A25F4B288D2D}.VSDebug|Win32.Build.0 = VSDebug|Win32
		{4C79D798-FB54-4CD5-9067-9BDC8678478A}.Release|Win32.ActiveCfg = Release|Win32
		{4C79D798-FB54-4CD5-9067-9BDC8678478A}.Release|Win32.Build.0 = Release|Win32
		{4C79D798-FB54-4CD5-9067-9BDC8678478A}.VSDebug|Win32.ActiveCfg = VSDebug|Win32
		{4C79D798-FB54-4CD5-9067-9BDC8678478A}.VSDebug|Win32.Build.0 = VSDebug|Win32
		{5641B37B-7AE7-450A-A433-7B83C73BC878}.Release|Win32.ActiveCfg = Release|Win32
		{5641B37B-7AE7-450A-A433-7B83C73BC878}.Release|Win32.Build.0 = Release|Win32
		{5641B37B-7AE7-450A-A433-7B83C73BC878}.VSDebug|Win32.ActiveCfg = VSDebug|Win32
		{5641B37B-7AE7-450A-A433-7B83C73BC878}.VSDebug|Win32.Build.0 = VSDebug|Win32
		{F7C50965-B5DC-4225-95B4-489D4D1E5782}.Release|Win32.ActiveCfg = Release|Win32
		{F7C50965-B5DC-4225-95B4-489D4D1E5782}.Release|Win32.Build.0 = Release|Win32
		{F7C50965-B5DC-4225-95B4-489D4D1E5782}.VSDebug|Win32.ActiveCfg = VSDebug|Win32
		{F7C50965-B5DC-4225-95B4-489D4D1E5782}.VSDebug|Win32.Build.0 = VSDebug|Win32
		{D9725AED-6124-4225-AC2B-306A97F90607}.Release|Win32.ActiveCfg = Release|Win32
		{D9725AED-6124-4225-AC2B-306A97F90607}.Release|Win32.Build.0 = Release|Win32
		{D9725AED-6124-4225-AC2B-306A97F90607}.VSDebug|Win32.ActiveCfg = VSDebug|Win32
		{D9725AED-6124-4225-AC2B-306A97F90607}.VSDebug|Win32.Build.0 = VSDebug|Win32
		{F42C141B-BECB-4F9C-828B-8BA0DB2BF7E5}.Release|Win32.ActiveCfg = Release|Win32
		{F42C141B-BECB-4F9C-828B-8BA0DB2BF7E5}.Release|Win32.Build.0 = Release|Win32
		{F42C141B-BECB-4F9C-828B-8BA0DB2BF7E5}.VSDebug|Win32.ActiveCfg = VSDebug|Win32
		{F42C141B-BECB-4F9C-828B-8BA0DB2BF7E5}.VSDebug|Win32.Build.0 = VSDebug|Win32
		{9D9A7FB3-B049-4E4C-835A-D2516DC2F076}.Release|Win32.ActiveCfg = Release|Win32
		{9D9A7FB3-B049-4E4C-835A-D2516DC2F076}.Release|Win32.Build.0 = Release|Win32
		{9D9A7FB3-B049-4E4C-835A-D2516DC2F076}.VSDebug|Win32.ActiveCfg = VSDebug|Win32
		{9D9A7FB3-B049-4E4C-835A-D2516DC2F076}.VSDebug|Win32.Build.0 = VSDebug|Win32
	EndGlobalSection
	GlobalSection(SolutionProperties) = preSolution
		HideSolutionNode = FALSE
	EndGlobalSection
EndGlobal
